
Microsoft Visual Studio Solution File, Format Version 12.00
# Visual Studio Version 18
VisualStudioVersion = 18.0.11222.15
MinimumVisualStudioVersion = 10.0.40219.1
Project("{9A19103F-16F7-4668-BE54-9A1E7A4F7556}") = "Utility", "Utility\Utility.csproj", "{D680EE98-9FCE-4C2B-BC65-F01111F75721}"
EndProject
Project("{9A19103F-16F7-4668-BE54-9A1E7A4F7556}") = "Repository", "Repository\Repository.csproj", "{E2C15EC9-F936-42D8-B355-15BAA410D78D}"
EndProject
Project("{9A19103F-16F7-4668-BE54-9A1E7A4F7556}") = "OrgSys", "OrgSys\OrgSys.csproj", "{53CF4721-C898-4E4C-AEB2-697CB8A26BB9}"
EndProject
Project("{FAE04EC0-301F-11D3-BF4B-00C04F79EFBC}") = "Domain", "Domain\Domain.csproj", "{03A41DB2-01A7-4590-8C98-A450E48A14DD}"
EndProject
Project("{FAE04EC0-301F-11D3-BF4B-00C04F79EFBC}") = "Application", "Application\Application.csproj", "{4868B891-DDA4-4CEA-A281-C9645F3C54C6}"
EndProject
Project("{FAE04EC0-301F-11D3-BF4B-00C04F79EFBC}") = "Infrastructure", "Infrastructure\Infrastructure.csproj", "{9297A354-7D94-4BBD-A780-E8068F6508D4}"
EndProject
Project("{FAE04EC0-301F-11D3-BF4B-00C04F79EFBC}") = "API", "API\API.csproj", "{EA49AFE9-6DBE-4F1A-857F-80ED49ACC4E3}"
EndProject
Project("{2150E333-8FDC-42A3-9474-1A3956D46DE8}") = "src", "src", "{D1C0B1DF-9915-4239-AB99-7AC1BDD625DD}"
EndProject
Project("{2150E333-8FDC-42A3-9474-1A3956D46DE8}") = "Modules", "Modules", "{C73526F2-A966-4314-9CE0-F8DE47F015D5}"
EndProject
Project("{2150E333-8FDC-42A3-9474-1A3956D46DE8}") = "Host", "Host", "{AE724F3A-A5F0-469C-9F9F-207F0E4A7451}"
EndProject
Project("{2150E333-8FDC-42A3-9474-1A3956D46DE8}") = "N-Tier", "N-Tier", "{02EE9D04-5D58-4329-B005-40610B4997C9}"
EndProject
Global
	GlobalSection(SolutionConfigurationPlatforms) = preSolution
		Debug|Any CPU = Debug|Any CPU
		Release|Any CPU = Release|Any CPU
	EndGlobalSection
	GlobalSection(ProjectConfigurationPlatforms) = postSolution
		{D680EE98-9FCE-4C2B-BC65-F01111F75721}.Debug|Any CPU.ActiveCfg = Debug|Any CPU
		{D680EE98-9FCE-4C2B-BC65-F01111F75721}.Debug|Any CPU.Build.0 = Debug|Any CPU
		{D680EE98-9FCE-4C2B-BC65-F01111F75721}.Release|Any CPU.ActiveCfg = Release|Any CPU
		{D680EE98-9FCE-4C2B-BC65-F01111F75721}.Release|Any CPU.Build.0 = Release|Any CPU
		{E2C15EC9-F936-42D8-B355-15BAA410D78D}.Debug|Any CPU.ActiveCfg = Debug|Any CPU
		{E2C15EC9-F936-42D8-B355-15BAA410D78D}.Debug|Any CPU.Build.0 = Debug|Any CPU
		{E2C15EC9-F936-42D8-B355-15BAA410D78D}.Release|Any CPU.ActiveCfg = Release|Any CPU
		{E2C15EC9-F936-42D8-B355-15BAA410D78D}.Release|Any CPU.Build.0 = Release|Any CPU
		{53CF4721-C898-4E4C-AEB2-697CB8A26BB9}.Debug|Any CPU.ActiveCfg = Debug|Any CPU
		{53CF4721-C898-4E4C-AEB2-697CB8A26BB9}.Debug|Any CPU.Build.0 = Debug|Any CPU
		{53CF4721-C898-4E4C-AEB2-697CB8A26BB9}.Release|Any CPU.ActiveCfg = Release|Any CPU
		{53CF4721-C898-4E4C-AEB2-697CB8A26BB9}.Release|Any CPU.Build.0 = Release|Any CPU
		{03A41DB2-01A7-4590-8C98-A450E48A14DD}.Debug|Any CPU.ActiveCfg = Debug|Any CPU
		{03A41DB2-01A7-4590-8C98-A450E48A14DD}.Debug|Any CPU.Build.0 = Debug|Any CPU
		{03A41DB2-01A7-4590-8C98-A450E48A14DD}.Release|Any CPU.ActiveCfg = Release|Any CPU
		{03A41DB2-01A7-4590-8C98-A450E48A14DD}.Release|Any CPU.Build.0 = Release|Any CPU
		{4868B891-DDA4-4CEA-A281-C9645F3C54C6}.Debug|Any CPU.ActiveCfg = Debug|Any CPU
		{4868B891-DDA4-4CEA-A281-C9645F3C54C6}.Debug|Any CPU.Build.0 = Debug|Any CPU
		{4868B891-DDA4-4CEA-A281-C9645F3C54C6}.Release|Any CPU.ActiveCfg = Release|Any CPU
		{4868B891-DDA4-4CEA-A281-C9645F3C54C6}.Release|Any CPU.Build.0 = Release|Any CPU
		{9297A354-7D94-4BBD-A780-E8068F6508D4}.Debug|Any CPU.ActiveCfg = Debug|Any CPU
		{9297A354-7D94-4BBD-A780-E8068F6508D4}.Debug|Any CPU.Build.0 = Debug|Any CPU
		{9297A354-7D94-4BBD-A780-E8068F6508D4}.Release|Any CPU.ActiveCfg = Release|Any CPU
		{9297A354-7D94-4BBD-A780-E8068F6508D4}.Release|Any CPU.Build.0 = Release|Any CPU
		{EA49AFE9-6DBE-4F1A-857F-80ED49ACC4E3}.Debug|Any CPU.ActiveCfg = Debug|Any CPU
		{EA49AFE9-6DBE-4F1A-857F-80ED49ACC4E3}.Debug|Any CPU.Build.0 = Debug|Any CPU
		{EA49AFE9-6DBE-4F1A-857F-80ED49ACC4E3}.Release|Any CPU.ActiveCfg = Release|Any CPU
		{EA49AFE9-6DBE-4F1A-857F-80ED49ACC4E3}.Release|Any CPU.Build.0 = Release|Any CPU
	EndGlobalSection
	GlobalSection(SolutionProperties) = preSolution
		HideSolutionNode = FALSE
	EndGlobalSection
	GlobalSection(NestedProjects) = preSolution
		{D680EE98-9FCE-4C2B-BC65-F01111F75721} = {02EE9D04-5D58-4329-B005-40610B4997C9}
		{E2C15EC9-F936-42D8-B355-15BAA410D78D} = {02EE9D04-5D58-4329-B005-40610B4997C9}
		{53CF4721-C898-4E4C-AEB2-697CB8A26BB9} = {AE724F3A-A5F0-469C-9F9F-207F0E4A7451}
		{03A41DB2-01A7-4590-8C98-A450E48A14DD} = {C73526F2-A966-4314-9CE0-F8DE47F015D5}
		{4868B891-DDA4-4CEA-A281-C9645F3C54C6} = {C73526F2-A966-4314-9CE0-F8DE47F015D5}
		{9297A354-7D94-4BBD-A780-E8068F6508D4} = {C73526F2-A966-4314-9CE0-F8DE47F015D5}
		{EA49AFE9-6DBE-4F1A-857F-80ED49ACC4E3} = {C73526F2-A966-4314-9CE0-F8DE47F015D5}
		{C73526F2-A966-4314-9CE0-F8DE47F015D5} = {D1C0B1DF-9915-4239-AB99-7AC1BDD625DD}
		{AE724F3A-A5F0-469C-9F9F-207F0E4A7451} = {D1C0B1DF-9915-4239-AB99-7AC1BDD625DD}
	EndGlobalSection
	GlobalSection(ExtensibilityGlobals) = postSolution
		SolutionGuid = {58E4C47F-DC24-4614-BEBA-9B07A2AF2E99}
	EndGlobalSection
EndGlobal
