
Microsoft Visual Studio Solution File, Format Version 12.00
# Visual Studio Version 17
VisualStudioVersion = 17.0.32112.339
MinimumVisualStudioVersion = 10.0.40219.1
Project("{9A19103F-16F7-4668-BE54-9A1E7A4F7556}") = "Entity", "Entity\Entity.csproj", "{D1ED509C-B032-4598-A723-4E9E54810220}"
EndProject
Project("{9A19103F-16F7-4668-BE54-9A1E7A4F7556}") = "Utility", "Utility\Utility.csproj", "{D680EE98-9FCE-4C2B-BC65-F01111F75721}"
EndProject
Project("{9A19103F-16F7-4668-BE54-9A1E7A4F7556}") = "Repository", "Repository\Repository.csproj", "{E2C15EC9-F936-42D8-B355-15BAA410D78D}"
EndProject
Project("{9A19103F-16F7-4668-BE54-9A1E7A4F7556}") = "OrgSys", "OrgSys\OrgSys.csproj", "{53CF4721-C898-4E4C-AEB2-697CB8A26BB9}"
EndProject
Project("{9A19103F-16F7-4668-BE54-9A1E7A4F7556}") = "Service", "Service\Service.csproj", "{A25DB128-AA4B-48B3-9F58-AA67F1081576}"
EndProject
Project("{9A19103F-16F7-4668-BE54-9A1E7A4F7556}") = "OrgSysApp", "OrgSysApp\OrgSysApp.csproj", "{19407A29-618F-40F6-9A6A-BB51FCB6F2C8}"
EndProject
Project("{FAE04EC0-301F-11D3-BF4B-00C04F79EFBC}") = "OrgSysTest", "OrgSysTest\OrgSysTest.csproj", "{D6C6604B-35F8-4CAD-8102-212DA3E05148}"
EndProject
Project("{2150E333-8FDC-42A3-9474-1A3956D46DE8}") = "Testing", "Testing", "{8F5398EB-A8DC-495E-B56C-7A34C7905F21}"
EndProject
Global
	GlobalSection(SolutionConfigurationPlatforms) = preSolution
		Debug|Any CPU = Debug|Any CPU
		Release|Any CPU = Release|Any CPU
	EndGlobalSection
	GlobalSection(ProjectConfigurationPlatforms) = postSolution
		{D1ED509C-B032-4598-A723-4E9E54810220}.Debug|Any CPU.ActiveCfg = Debug|Any CPU
		{D1ED509C-B032-4598-A723-4E9E54810220}.Debug|Any CPU.Build.0 = Debug|Any CPU
		{D1ED509C-B032-4598-A723-4E9E54810220}.Release|Any CPU.ActiveCfg = Release|Any CPU
		{D1ED509C-B032-4598-A723-4E9E54810220}.Release|Any CPU.Build.0 = Release|Any CPU
		{D680EE98-9FCE-4C2B-BC65-F01111F75721}.Debug|Any CPU.ActiveCfg = Debug|Any CPU
		{D680EE98-9FCE-4C2B-BC65-F01111F75721}.Debug|Any CPU.Build.0 = Debug|Any CPU
		{D680EE98-9FCE-4C2B-BC65-F01111F75721}.Release|Any CPU.ActiveCfg = Release|Any CPU
		{D680EE98-9FCE-4C2B-BC65-F01111F75721}.Release|Any CPU.Build.0 = Release|Any CPU
		{E2C15EC9-F936-42D8-B355-15BAA410D78D}.Debug|Any CPU.ActiveCfg = Debug|Any CPU
		{E2C15EC9-F936-42D8-B355-15BAA410D78D}.Debug|Any CPU.Build.0 = Debug|Any CPU
		{E2C15EC9-F936-42D8-B355-15BAA410D78D}.Release|Any CPU.ActiveCfg = Release|Any CPU
		{E2C15EC9-F936-42D8-B355-15BAA410D78D}.Release|Any CPU.Build.0 = Release|Any CPU
		{53CF4721-C898-4E4C-AEB2-697CB8A26BB9}.Debug|Any CPU.ActiveCfg = Debug|Any CPU
		{53CF4721-C898-4E4C-AEB2-697CB8A26BB9}.Debug|Any CPU.Build.0 = Debug|Any CPU
		{53CF4721-C898-4E4C-AEB2-697CB8A26BB9}.Release|Any CPU.ActiveCfg = Release|Any CPU
		{53CF4721-C898-4E4C-AEB2-697CB8A26BB9}.Release|Any CPU.Build.0 = Release|Any CPU
		{A25DB128-AA4B-48B3-9F58-AA67F1081576}.Debug|Any CPU.ActiveCfg = Debug|Any CPU
		{A25DB128-AA4B-48B3-9F58-AA67F1081576}.Debug|Any CPU.Build.0 = Debug|Any CPU
		{A25DB128-AA4B-48B3-9F58-AA67F1081576}.Release|Any CPU.ActiveCfg = Release|Any CPU
		{A25DB128-AA4B-48B3-9F58-AA67F1081576}.Release|Any CPU.Build.0 = Release|Any CPU
		{19407A29-618F-40F6-9A6A-BB51FCB6F2C8}.Debug|Any CPU.ActiveCfg = Debug|Any CPU
		{19407A29-618F-40F6-9A6A-BB51FCB6F2C8}.Debug|Any CPU.Build.0 = Debug|Any CPU
		{19407A29-618F-40F6-9A6A-BB51FCB6F2C8}.Release|Any CPU.ActiveCfg = Release|Any CPU
		{19407A29-618F-40F6-9A6A-BB51FCB6F2C8}.Release|Any CPU.Build.0 = Release|Any CPU
		{D6C6604B-35F8-4CAD-8102-212DA3E05148}.Debug|Any CPU.ActiveCfg = Debug|Any CPU
		{D6C6604B-35F8-4CAD-8102-212DA3E05148}.Debug|Any CPU.Build.0 = Debug|Any CPU
		{D6C6604B-35F8-4CAD-8102-212DA3E05148}.Release|Any CPU.ActiveCfg = Release|Any CPU
		{D6C6604B-35F8-4CAD-8102-212DA3E05148}.Release|Any CPU.Build.0 = Release|Any CPU
	EndGlobalSection
	GlobalSection(SolutionProperties) = preSolution
		HideSolutionNode = FALSE
	EndGlobalSection
	GlobalSection(NestedProjects) = preSolution
		{D6C6604B-35F8-4CAD-8102-212DA3E05148} = {8F5398EB-A8DC-495E-B56C-7A34C7905F21}
	EndGlobalSection
	GlobalSection(ExtensibilityGlobals) = postSolution
		SolutionGuid = {58E4C47F-DC24-4614-BEBA-9B07A2AF2E99}
	EndGlobalSection
EndGlobal
