
Microsoft Visual Studio Solution File, Format Version 12.00
# Visual Studio Version 18
VisualStudioVersion = 18.0.11222.15
MinimumVisualStudioVersion = 10.0.40219.1
Project("{9A19103F-16F7-4668-BE54-9A1E7A4F7556}") = "OrgSys", "OrgSys\OrgSys.csproj", "{53CF4721-C898-4E4C-AEB2-697CB8A26BB9}"
EndProject
Project("{FAE04EC0-301F-11D3-BF4B-00C04F79EFBC}") = "Application", "Application\Application.csproj", "{4868B891-DDA4-4CEA-A281-C9645F3C54C6}"
EndProject
Project("{FAE04EC0-301F-11D3-BF4B-00C04F79EFBC}") = "Infrastructure", "Infrastructure\Infrastructure.csproj", "{9297A354-7D94-4BBD-A780-E8068F6508D4}"
EndProject
Project("{FAE04EC0-301F-11D3-BF4B-00C04F79EFBC}") = "API", "API\API.csproj", "{EA49AFE9-6DBE-4F1A-857F-80ED49ACC4E3}"
EndProject
Project("{2150E333-8FDC-42A3-9474-1A3956D46DE8}") = "src", "src", "{D1C0B1DF-9915-4239-AB99-7AC1BDD625DD}"
EndProject
Project("{2150E333-8FDC-42A3-9474-1A3956D46DE8}") = "Modules", "Modules", "{C73526F2-A966-4314-9CE0-F8DE47F015D5}"
EndProject
Project("{2150E333-8FDC-42A3-9474-1A3956D46DE8}") = "Host", "Host", "{AE724F3A-A5F0-469C-9F9F-207F0E4A7451}"
EndProject
Project("{2150E333-8FDC-42A3-9474-1A3956D46DE8}") = "Tests", "Tests", "{0AB3BF05-4346-4AA6-1389-037BE0695223}"
EndProject
Project("{FAE04EC0-301F-11D3-BF4B-00C04F79EFBC}") = "Application.Tests", "Tests\Application.Tests\Application.Tests.csproj", "{2F031FCE-EFF6-4BBA-A684-54698C21E59F}"
EndProject
Project("{54A90642-561A-4BB1-A94E-469ADEE60C69}") = "OrgSys.Angular", "OrgSys.Angular\OrgSys.Angular.esproj", "{6DCC8AB2-B1C9-4B60-9CC6-814AB6CA69B0}"
EndProject
Project("{2150E333-8FDC-42A3-9474-1A3956D46DE8}") = "BuildingBlocks", "BuildingBlocks", "{7266C4A9-E384-DC00-0EB6-47F6002CFBA7}"
EndProject
Project("{FAE04EC0-301F-11D3-BF4B-00C04F79EFBC}") = "OrgSys.EventBus", "BuildingBlocks\OrgSys.EventBus\OrgSys.EventBus.csproj", "{F9E13435-3037-4DB0-8265-BB1EEA5A1FBF}"
EndProject
Project("{FAE04EC0-301F-11D3-BF4B-00C04F79EFBC}") = "OrgSys.SharedKernel", "BuildingBlocks\OrgSys.SharedKernel\OrgSys.SharedKernel.csproj", "{B690F5F3-2392-40EF-8EDA-E42517E3A8FF}"
EndProject
Project("{2150E333-8FDC-42A3-9474-1A3956D46DE8}") = "Modules", "Modules", "{CA253913-39DE-BFD0-C9A3-4B7EC6FBDF17}"
EndProject
Project("{2150E333-8FDC-42A3-9474-1A3956D46DE8}") = "Administration", "Administration", "{0F87A283-286F-D1F5-4937-B49551E41E1C}"
EndProject
Project("{FAE04EC0-301F-11D3-BF4B-00C04F79EFBC}") = "Administration.Application", "Modules\Administration\Administration.Application\Administration.Application.csproj", "{3AFE2C84-9A1D-462C-B8A9-7B770AA8238F}"
EndProject
Project("{FAE04EC0-301F-11D3-BF4B-00C04F79EFBC}") = "Administration.Domain", "Modules\Administration\Administration.Domain\Administration.Domain.csproj", "{F7E944E3-EE7B-4B3B-9C1B-7DC3FBBBD830}"
EndProject
Project("{FAE04EC0-301F-11D3-BF4B-00C04F79EFBC}") = "Administration.Contracts", "Modules\Administration\Administration.Contracts\Administration.Contracts.csproj", "{A5B59C33-F555-4DD1-A175-92D2130879C0}"
EndProject
Project("{FAE04EC0-301F-11D3-BF4B-00C04F79EFBC}") = "Administration.Infrastructure", "Modules\Administration\Administration.Infrastructure\Administration.Infrastructure.csproj", "{C1407570-7F0C-4F29-9173-E74D308FF614}"
EndProject
Project("{2150E333-8FDC-42A3-9474-1A3956D46DE8}") = "Organization", "Organization", "{E8F18648-F9A6-4A36-7CDC-2500A01DE95F}"
EndProject
Project("{FAE04EC0-301F-11D3-BF4B-00C04F79EFBC}") = "Organization.Application", "Modules\Organization\Organization.Application\Organization.Application.csproj", "{2A8DBB2A-76B9-4785-ADA3-7AF0DBD80272}"
EndProject
Project("{FAE04EC0-301F-11D3-BF4B-00C04F79EFBC}") = "Organization.Domain", "Modules\Organization\Organization.Domain\Organization.Domain.csproj", "{E9014658-ED39-46A5-B587-79DF2DB58793}"
EndProject
Project("{FAE04EC0-301F-11D3-BF4B-00C04F79EFBC}") = "Organization.Contracts", "Modules\Organization\Organization.Contracts\Organization.Contracts.csproj", "{3B104456-0804-4903-980A-8D8591564DF5}"
EndProject
Project("{FAE04EC0-301F-11D3-BF4B-00C04F79EFBC}") = "Organization.Infrastructure", "Modules\Organization\Organization.Infrastructure\Organization.Infrastructure.csproj", "{7BA73C58-0294-41ED-826F-8B699AFC9344}"
EndProject
Project("{2150E333-8FDC-42A3-9474-1A3956D46DE8}") = "MasterData", "MasterData", "{4CFB821D-F350-130F-6E4A-012CEB389593}"
EndProject
Project("{FAE04EC0-301F-11D3-BF4B-00C04F79EFBC}") = "MasterData.Application", "Modules\MasterData\MasterData.Application\MasterData.Application.csproj", "{E4A21B1E-7766-4664-8ED8-002347AEBCCD}"
EndProject
Project("{FAE04EC0-301F-11D3-BF4B-00C04F79EFBC}") = "MasterData.Domain", "Modules\MasterData\MasterData.Domain\MasterData.Domain.csproj", "{CD5A274B-B000-487F-9055-868FE637EA58}"
EndProject
Project("{FAE04EC0-301F-11D3-BF4B-00C04F79EFBC}") = "MasterData.Contracts", "Modules\MasterData\MasterData.Contracts\MasterData.Contracts.csproj", "{9F6B6E97-D63A-4B76-9054-6B13F28ABD67}"
EndProject
Project("{FAE04EC0-301F-11D3-BF4B-00C04F79EFBC}") = "MasterData.Infrastructure", "Modules\MasterData\MasterData.Infrastructure\MasterData.Infrastructure.csproj", "{EADA77C3-2474-43AC-A2C3-8C37F6EDE0B3}"
EndProject
Project("{2150E333-8FDC-42A3-9474-1A3956D46DE8}") = "Sales", "Sales", "{A9997C78-0C31-9C1F-7E81-ED673DE04F19}"
EndProject
Project("{FAE04EC0-301F-11D3-BF4B-00C04F79EFBC}") = "Sales.Application", "Modules\Sales\Sales.Application\Sales.Application.csproj", "{6B8F9F6C-3276-4696-93D9-3F7F0ACA969F}"
EndProject
Project("{FAE04EC0-301F-11D3-BF4B-00C04F79EFBC}") = "Sales.Domain", "Modules\Sales\Sales.Domain\Sales.Domain.csproj", "{3A4CC8C1-D68C-4969-9CE5-9E199D07D63B}"
EndProject
Project("{FAE04EC0-301F-11D3-BF4B-00C04F79EFBC}") = "Sales.Contracts", "Modules\Sales\Sales.Contracts\Sales.Contracts.csproj", "{E1B0C372-621A-435F-84E0-1BEBCAA1947F}"
EndProject
Project("{FAE04EC0-301F-11D3-BF4B-00C04F79EFBC}") = "Sales.Infrastructure", "Modules\Sales\Sales.Infrastructure\Sales.Infrastructure.csproj", "{907F4510-7842-492C-A878-F081D6D03D81}"
EndProject
Project("{2150E333-8FDC-42A3-9474-1A3956D46DE8}") = "Parties", "Parties", "{7D23AFD2-FA30-4B41-A219-FE213D4E4C1E}"
EndProject
Project("{FAE04EC0-301F-11D3-BF4B-00C04F79EFBC}") = "Parties.Domain", "Modules\Parties\Parties.Domain\Parties.Domain.csproj", "{560A79BA-1BF7-466A-8609-DFFD8095BBB9}"
EndProject
Project("{FAE04EC0-301F-11D3-BF4B-00C04F79EFBC}") = "Parties.Application", "Modules\Parties\Parties.Application\Parties.Application.csproj", "{82760E8B-6D79-432F-BC65-9E5C06979B16}"
EndProject
Project("{FAE04EC0-301F-11D3-BF4B-00C04F79EFBC}") = "Parties.Contracts", "Modules\Parties\Parties.Contracts\Parties.Contracts.csproj", "{E6008ADD-60F7-4F47-AC57-6A568894C839}"
EndProject
Project("{FAE04EC0-301F-11D3-BF4B-00C04F79EFBC}") = "Parties.Infrastructure", "Modules\Parties\Parties.Infrastructure\Parties.Infrastructure.csproj", "{34D8A0BD-3A88-419C-862F-F8B40D94E2CF}"
EndProject
Project("{2150E333-8FDC-42A3-9474-1A3956D46DE8}") = "Purchasing", "Purchasing", "{1408BA8A-F355-957A-226E-82283C9E1335}"
EndProject
Project("{FAE04EC0-301F-11D3-BF4B-00C04F79EFBC}") = "Purchasing.Application", "Modules\Purchasing\Purchasing.Application\Purchasing.Application.csproj", "{E8B943E7-D408-4284-9551-1BFFDA08950A}"
EndProject
Project("{FAE04EC0-301F-11D3-BF4B-00C04F79EFBC}") = "Purchasing.Domain", "Modules\Purchasing\Purchasing.Domain\Purchasing.Domain.csproj", "{7067B0BF-3EB5-471E-8A29-6A021AF27671}"
EndProject
Project("{FAE04EC0-301F-11D3-BF4B-00C04F79EFBC}") = "Purchasing.Contracts", "Modules\Purchasing\Purchasing.Contracts\Purchasing.Contracts.csproj", "{B58B8A7C-5953-4B13-AB24-991109973FFB}"
EndProject
Project("{FAE04EC0-301F-11D3-BF4B-00C04F79EFBC}") = "Purchasing.Infrastructure", "Modules\Purchasing\Purchasing.Infrastructure\Purchasing.Infrastructure.csproj", "{32751B16-AAB9-42D6-A530-A991F565C1FD}"
EndProject
Project("{2150E333-8FDC-42A3-9474-1A3956D46DE8}") = "Inventory", "Inventory", "{A68BCFB6-B88D-4352-653D-5429B95F8475}"
EndProject
Project("{FAE04EC0-301F-11D3-BF4B-00C04F79EFBC}") = "Inventory.Application", "Modules\Inventory\Inventory.Application\Inventory.Application.csproj", "{F36046A9-A306-48CF-86AB-75FC309F8F29}"
EndProject
Project("{FAE04EC0-301F-11D3-BF4B-00C04F79EFBC}") = "Inventory.Domain", "Modules\Inventory\Inventory.Domain\Inventory.Domain.csproj", "{EFC18E8D-8DDC-4011-BD56-10631ABCD3F7}"
EndProject
Project("{FAE04EC0-301F-11D3-BF4B-00C04F79EFBC}") = "Inventory.Contracts", "Modules\Inventory\Inventory.Contracts\Inventory.Contracts.csproj", "{044CC587-8B45-4292-ACE2-CDAC6CBD8224}"
EndProject
Project("{FAE04EC0-301F-11D3-BF4B-00C04F79EFBC}") = "Inventory.Infrastructure", "Modules\Inventory\Inventory.Infrastructure\Inventory.Infrastructure.csproj", "{61C39919-E091-4128-BBFA-4DFF7F892B06}"
EndProject
Project("{2150E333-8FDC-42A3-9474-1A3956D46DE8}") = "Receivables", "Receivables", "{0BF6B435-0A0B-15E6-20B4-BA4BF9B24AB0}"
EndProject
Project("{FAE04EC0-301F-11D3-BF4B-00C04F79EFBC}") = "Receivables.Application", "Modules\Receivables\Receivables.Application\Receivables.Application.csproj", "{552D09E5-11EA-4A3B-AD28-B46AC9F348D5}"
EndProject
Project("{FAE04EC0-301F-11D3-BF4B-00C04F79EFBC}") = "Receivables.Domain", "Modules\Receivables\Receivables.Domain\Receivables.Domain.csproj", "{790FBBF6-CED7-46C6-9D0C-BCA6DC8D26D7}"
EndProject
Project("{FAE04EC0-301F-11D3-BF4B-00C04F79EFBC}") = "Receivables.Contracts", "Modules\Receivables\Receivables.Contracts\Receivables.Contracts.csproj", "{340DCC49-165D-43D2-9FB2-59EBDD24B630}"
EndProject
Project("{FAE04EC0-301F-11D3-BF4B-00C04F79EFBC}") = "Receivables.Infrastructure", "Modules\Receivables\Receivables.Infrastructure\Receivables.Infrastructure.csproj", "{2D11D2FD-B57B-45AF-8CE5-31494FC400D2}"
EndProject
Project("{2150E333-8FDC-42A3-9474-1A3956D46DE8}") = "Payables", "Payables", "{4B3272F5-DFFD-77D5-7B49-BB6ABB528D96}"
EndProject
Project("{FAE04EC0-301F-11D3-BF4B-00C04F79EFBC}") = "Payables.Application", "Modules\Payables\Payables.Application\Payables.Application.csproj", "{24799A47-28A7-4123-9156-3C54617977A8}"
EndProject
Project("{FAE04EC0-301F-11D3-BF4B-00C04F79EFBC}") = "Payables.Domain", "Modules\Payables\Payables.Domain\Payables.Domain.csproj", "{AB939161-E642-4F5C-9B54-0CB0D6AB8BC4}"
EndProject
Project("{FAE04EC0-301F-11D3-BF4B-00C04F79EFBC}") = "Payables.Contracts", "Modules\Payables\Payables.Contracts\Payables.Contracts.csproj", "{07A338C6-1A7E-4B65-A092-DC7DAEB54D7C}"
EndProject
Project("{FAE04EC0-301F-11D3-BF4B-00C04F79EFBC}") = "Payables.Infrastructure", "Modules\Payables\Payables.Infrastructure\Payables.Infrastructure.csproj", "{1C198683-954B-47C1-B6EA-00C8C9A30D5F}"
EndProject
Project("{2150E333-8FDC-42A3-9474-1A3956D46DE8}") = "Treasury", "Treasury", "{FCD594B6-F814-1D30-C511-58B36F2834F8}"
EndProject
Project("{FAE04EC0-301F-11D3-BF4B-00C04F79EFBC}") = "Treasury.Application", "Modules\Treasury\Treasury.Application\Treasury.Application.csproj", "{4EF282E5-DE09-4E4A-9C11-BB490BF11C7B}"
EndProject
Project("{FAE04EC0-301F-11D3-BF4B-00C04F79EFBC}") = "Treasury.Domain", "Modules\Treasury\Treasury.Domain\Treasury.Domain.csproj", "{630D1BB0-BBE1-4590-AF94-BF40D49EBBB4}"
EndProject
Project("{FAE04EC0-301F-11D3-BF4B-00C04F79EFBC}") = "Treasury.Contracts", "Modules\Treasury\Treasury.Contracts\Treasury.Contracts.csproj", "{EF2C7484-12EC-4C4D-9A8E-CF09BCA0046F}"
EndProject
Project("{FAE04EC0-301F-11D3-BF4B-00C04F79EFBC}") = "Treasury.Infrastructure", "Modules\Treasury\Treasury.Infrastructure\Treasury.Infrastructure.csproj", "{3D0144C7-A4CD-451F-89DF-BB05CA690973}"
EndProject
Project("{2150E333-8FDC-42A3-9474-1A3956D46DE8}") = "Accounting", "Accounting", "{8A4EFEB0-C6A3-2EB9-E078-8B12633D3E51}"
EndProject
Project("{FAE04EC0-301F-11D3-BF4B-00C04F79EFBC}") = "Accounting.Application", "Modules\Accounting\Accounting.Application\Accounting.Application.csproj", "{F452AD40-87D4-49AD-B751-B0A846A44878}"
EndProject
Project("{FAE04EC0-301F-11D3-BF4B-00C04F79EFBC}") = "Accounting.Domain", "Modules\Accounting\Accounting.Domain\Accounting.Domain.csproj", "{E08D5FB3-F08E-41F8-9710-EC57249AEA52}"
EndProject
Project("{FAE04EC0-301F-11D3-BF4B-00C04F79EFBC}") = "Accounting.Contracts", "Modules\Accounting\Accounting.Contracts\Accounting.Contracts.csproj", "{49A83F2A-6556-479C-9A45-C83B99EA9952}"
EndProject
Project("{FAE04EC0-301F-11D3-BF4B-00C04F79EFBC}") = "Accounting.Infrastructure", "Modules\Accounting\Accounting.Infrastructure\Accounting.Infrastructure.csproj", "{1384B1FB-3F8F-43E5-A325-ED40DB9623B5}"
EndProject
Project("{2150E333-8FDC-42A3-9474-1A3956D46DE8}") = "Reporting", "Reporting", "{45CD067C-33C4-C372-B034-427CD4E5B7A1}"
EndProject
Project("{FAE04EC0-301F-11D3-BF4B-00C04F79EFBC}") = "Reporting.Application", "Modules\Reporting\Reporting.Application\Reporting.Application.csproj", "{44CC3AEB-87DC-4B97-B9DA-7EC03E9449AA}"
EndProject
Project("{FAE04EC0-301F-11D3-BF4B-00C04F79EFBC}") = "Reporting.Contracts", "Modules\Reporting\Reporting.Contracts\Reporting.Contracts.csproj", "{42C88FA9-2DA2-4629-8620-838FF2C56BC7}"
EndProject
Project("{FAE04EC0-301F-11D3-BF4B-00C04F79EFBC}") = "Reporting.Infrastructure", "Modules\Reporting\Reporting.Infrastructure\Reporting.Infrastructure.csproj", "{B00F0FAF-B2CE-4754-9EB5-DBC33F2A1CEA}"
EndProject
Project("{FAE04EC0-301F-11D3-BF4B-00C04F79EFBC}") = "Architecture.Tests", "Tests\Architecture.Tests\Architecture.Tests.csproj", "{1AE22424-6D3B-4438-ADA1-96F0B4AB7F2E}"
EndProject
Project("{2150E333-8FDC-42A3-9474-1A3956D46DE8}") = "CommercialDocuments", "CommercialDocuments", "{BB4B7F0B-D561-B141-B6D7-6C8071DF7C57}"
EndProject
Project("{FAE04EC0-301F-11D3-BF4B-00C04F79EFBC}") = "CommercialDocuments.Domain", "Modules\CommercialDocuments\CommercialDocuments.Domain\CommercialDocuments.Domain.csproj", "{35B2E5AD-468A-4707-8430-16DB503F40BC}"
EndProject
Project("{FAE04EC0-301F-11D3-BF4B-00C04F79EFBC}") = "CommercialDocuments.Contracts", "Modules\CommercialDocuments\CommercialDocuments.Contracts\CommercialDocuments.Contracts.csproj", "{B1133000-480F-4043-9A72-05E7B0B25CE9}"
EndProject
Project("{FAE04EC0-301F-11D3-BF4B-00C04F79EFBC}") = "CommercialDocuments.Application", "Modules\CommercialDocuments\CommercialDocuments.Application\CommercialDocuments.Application.csproj", "{00428E02-6D09-42D0-A926-DC238C5702F7}"
EndProject
Project("{FAE04EC0-301F-11D3-BF4B-00C04F79EFBC}") = "CommercialDocuments.Infrastructure", "Modules\CommercialDocuments\CommercialDocuments.Infrastructure\CommercialDocuments.Infrastructure.csproj", "{BD6C24DD-7341-4ED4-A005-60E0B7D0FB81}"
EndProject
Project("{FAE04EC0-301F-11D3-BF4B-00C04F79EFBC}") = "OrgSys.Localization", "BuildingBlocks\OrgSys.Localization\OrgSys.Localization.csproj", "{B2A6FB3A-A28F-4842-8D8E-2E6C967822CD}"
EndProject
Global
	GlobalSection(SolutionConfigurationPlatforms) = preSolution
		Debug|Any CPU = Debug|Any CPU
		Debug|x64 = Debug|x64
		Debug|x86 = Debug|x86
		Release|Any CPU = Release|Any CPU
		Release|x64 = Release|x64
		Release|x86 = Release|x86
	EndGlobalSection
	GlobalSection(ProjectConfigurationPlatforms) = postSolution
		{53CF4721-C898-4E4C-AEB2-697CB8A26BB9}.Debug|Any CPU.ActiveCfg = Debug|Any CPU
		{53CF4721-C898-4E4C-AEB2-697CB8A26BB9}.Debug|Any CPU.Build.0 = Debug|Any CPU
		{53CF4721-C898-4E4C-AEB2-697CB8A26BB9}.Debug|x64.ActiveCfg = Debug|Any CPU
		{53CF4721-C898-4E4C-AEB2-697CB8A26BB9}.Debug|x64.Build.0 = Debug|Any CPU
		{53CF4721-C898-4E4C-AEB2-697CB8A26BB9}.Debug|x86.ActiveCfg = Debug|Any CPU
		{53CF4721-C898-4E4C-AEB2-697CB8A26BB9}.Debug|x86.Build.0 = Debug|Any CPU
		{53CF4721-C898-4E4C-AEB2-697CB8A26BB9}.Release|Any CPU.ActiveCfg = Release|Any CPU
		{53CF4721-C898-4E4C-AEB2-697CB8A26BB9}.Release|Any CPU.Build.0 = Release|Any CPU
		{53CF4721-C898-4E4C-AEB2-697CB8A26BB9}.Release|x64.ActiveCfg = Release|Any CPU
		{53CF4721-C898-4E4C-AEB2-697CB8A26BB9}.Release|x64.Build.0 = Release|Any CPU
		{53CF4721-C898-4E4C-AEB2-697CB8A26BB9}.Release|x86.ActiveCfg = Release|Any CPU
		{53CF4721-C898-4E4C-AEB2-697CB8A26BB9}.Release|x86.Build.0 = Release|Any CPU
		{4868B891-DDA4-4CEA-A281-C9645F3C54C6}.Debug|Any CPU.ActiveCfg = Debug|Any CPU
		{4868B891-DDA4-4CEA-A281-C9645F3C54C6}.Debug|Any CPU.Build.0 = Debug|Any CPU
		{4868B891-DDA4-4CEA-A281-C9645F3C54C6}.Debug|x64.ActiveCfg = Debug|Any CPU
		{4868B891-DDA4-4CEA-A281-C9645F3C54C6}.Debug|x64.Build.0 = Debug|Any CPU
		{4868B891-DDA4-4CEA-A281-C9645F3C54C6}.Debug|x86.ActiveCfg = Debug|Any CPU
		{4868B891-DDA4-4CEA-A281-C9645F3C54C6}.Debug|x86.Build.0 = Debug|Any CPU
		{4868B891-DDA4-4CEA-A281-C9645F3C54C6}.Release|Any CPU.ActiveCfg = Release|Any CPU
		{4868B891-DDA4-4CEA-A281-C9645F3C54C6}.Release|Any CPU.Build.0 = Release|Any CPU
		{4868B891-DDA4-4CEA-A281-C9645F3C54C6}.Release|x64.ActiveCfg = Release|Any CPU
		{4868B891-DDA4-4CEA-A281-C9645F3C54C6}.Release|x64.Build.0 = Release|Any CPU
		{4868B891-DDA4-4CEA-A281-C9645F3C54C6}.Release|x86.ActiveCfg = Release|Any CPU
		{4868B891-DDA4-4CEA-A281-C9645F3C54C6}.Release|x86.Build.0 = Release|Any CPU
		{9297A354-7D94-4BBD-A780-E8068F6508D4}.Debug|Any CPU.ActiveCfg = Debug|Any CPU
		{9297A354-7D94-4BBD-A780-E8068F6508D4}.Debug|Any CPU.Build.0 = Debug|Any CPU
		{9297A354-7D94-4BBD-A780-E8068F6508D4}.Debug|x64.ActiveCfg = Debug|Any CPU
		{9297A354-7D94-4BBD-A780-E8068F6508D4}.Debug|x64.Build.0 = Debug|Any CPU
		{9297A354-7D94-4BBD-A780-E8068F6508D4}.Debug|x86.ActiveCfg = Debug|Any CPU
		{9297A354-7D94-4BBD-A780-E8068F6508D4}.Debug|x86.Build.0 = Debug|Any CPU
		{9297A354-7D94-4BBD-A780-E8068F6508D4}.Release|Any CPU.ActiveCfg = Release|Any CPU
		{9297A354-7D94-4BBD-A780-E8068F6508D4}.Release|Any CPU.Build.0 = Release|Any CPU
		{9297A354-7D94-4BBD-A780-E8068F6508D4}.Release|x64.ActiveCfg = Release|Any CPU
		{9297A354-7D94-4BBD-A780-E8068F6508D4}.Release|x64.Build.0 = Release|Any CPU
		{9297A354-7D94-4BBD-A780-E8068F6508D4}.Release|x86.ActiveCfg = Release|Any CPU
		{9297A354-7D94-4BBD-A780-E8068F6508D4}.Release|x86.Build.0 = Release|Any CPU
		{EA49AFE9-6DBE-4F1A-857F-80ED49ACC4E3}.Debug|Any CPU.ActiveCfg = Debug|Any CPU
		{EA49AFE9-6DBE-4F1A-857F-80ED49ACC4E3}.Debug|Any CPU.Build.0 = Debug|Any CPU
		{EA49AFE9-6DBE-4F1A-857F-80ED49ACC4E3}.Debug|x64.ActiveCfg = Debug|Any CPU
		{EA49AFE9-6DBE-4F1A-857F-80ED49ACC4E3}.Debug|x64.Build.0 = Debug|Any CPU
		{EA49AFE9-6DBE-4F1A-857F-80ED49ACC4E3}.Debug|x86.ActiveCfg = Debug|Any CPU
		{EA49AFE9-6DBE-4F1A-857F-80ED49ACC4E3}.Debug|x86.Build.0 = Debug|Any CPU
		{EA49AFE9-6DBE-4F1A-857F-80ED49ACC4E3}.Release|Any CPU.ActiveCfg = Release|Any CPU
		{EA49AFE9-6DBE-4F1A-857F-80ED49ACC4E3}.Release|Any CPU.Build.0 = Release|Any CPU
		{EA49AFE9-6DBE-4F1A-857F-80ED49ACC4E3}.Release|x64.ActiveCfg = Release|Any CPU
		{EA49AFE9-6DBE-4F1A-857F-80ED49ACC4E3}.Release|x64.Build.0 = Release|Any CPU
		{EA49AFE9-6DBE-4F1A-857F-80ED49ACC4E3}.Release|x86.ActiveCfg = Release|Any CPU
		{EA49AFE9-6DBE-4F1A-857F-80ED49ACC4E3}.Release|x86.Build.0 = Release|Any CPU
		{2F031FCE-EFF6-4BBA-A684-54698C21E59F}.Debug|Any CPU.ActiveCfg = Debug|Any CPU
		{2F031FCE-EFF6-4BBA-A684-54698C21E59F}.Debug|Any CPU.Build.0 = Debug|Any CPU
		{2F031FCE-EFF6-4BBA-A684-54698C21E59F}.Debug|x64.ActiveCfg = Debug|Any CPU
		{2F031FCE-EFF6-4BBA-A684-54698C21E59F}.Debug|x64.Build.0 = Debug|Any CPU
		{2F031FCE-EFF6-4BBA-A684-54698C21E59F}.Debug|x86.ActiveCfg = Debug|Any CPU
		{2F031FCE-EFF6-4BBA-A684-54698C21E59F}.Debug|x86.Build.0 = Debug|Any CPU
		{2F031FCE-EFF6-4BBA-A684-54698C21E59F}.Release|Any CPU.ActiveCfg = Release|Any CPU
		{2F031FCE-EFF6-4BBA-A684-54698C21E59F}.Release|Any CPU.Build.0 = Release|Any CPU
		{2F031FCE-EFF6-4BBA-A684-54698C21E59F}.Release|x64.ActiveCfg = Release|Any CPU
		{2F031FCE-EFF6-4BBA-A684-54698C21E59F}.Release|x64.Build.0 = Release|Any CPU
		{2F031FCE-EFF6-4BBA-A684-54698C21E59F}.Release|x86.ActiveCfg = Release|Any CPU
		{2F031FCE-EFF6-4BBA-A684-54698C21E59F}.Release|x86.Build.0 = Release|Any CPU
		{6DCC8AB2-B1C9-4B60-9CC6-814AB6CA69B0}.Debug|Any CPU.ActiveCfg = Debug|Any CPU
		{6DCC8AB2-B1C9-4B60-9CC6-814AB6CA69B0}.Debug|Any CPU.Build.0 = Debug|Any CPU
		{6DCC8AB2-B1C9-4B60-9CC6-814AB6CA69B0}.Debug|x64.ActiveCfg = Debug|Any CPU
		{6DCC8AB2-B1C9-4B60-9CC6-814AB6CA69B0}.Debug|x64.Build.0 = Debug|Any CPU
		{6DCC8AB2-B1C9-4B60-9CC6-814AB6CA69B0}.Debug|x86.ActiveCfg = Debug|Any CPU
		{6DCC8AB2-B1C9-4B60-9CC6-814AB6CA69B0}.Debug|x86.Build.0 = Debug|Any CPU
		{6DCC8AB2-B1C9-4B60-9CC6-814AB6CA69B0}.Release|Any CPU.ActiveCfg = Release|Any CPU
		{6DCC8AB2-B1C9-4B60-9CC6-814AB6CA69B0}.Release|Any CPU.Build.0 = Release|Any CPU
		{6DCC8AB2-B1C9-4B60-9CC6-814AB6CA69B0}.Release|x64.ActiveCfg = Release|Any CPU
		{6DCC8AB2-B1C9-4B60-9CC6-814AB6CA69B0}.Release|x64.Build.0 = Release|Any CPU
		{6DCC8AB2-B1C9-4B60-9CC6-814AB6CA69B0}.Release|x86.ActiveCfg = Release|Any CPU
		{6DCC8AB2-B1C9-4B60-9CC6-814AB6CA69B0}.Release|x86.Build.0 = Release|Any CPU
		{F9E13435-3037-4DB0-8265-BB1EEA5A1FBF}.Debug|Any CPU.ActiveCfg = Debug|Any CPU
		{F9E13435-3037-4DB0-8265-BB1EEA5A1FBF}.Debug|Any CPU.Build.0 = Debug|Any CPU
		{F9E13435-3037-4DB0-8265-BB1EEA5A1FBF}.Debug|x64.ActiveCfg = Debug|Any CPU
		{F9E13435-3037-4DB0-8265-BB1EEA5A1FBF}.Debug|x64.Build.0 = Debug|Any CPU
		{F9E13435-3037-4DB0-8265-BB1EEA5A1FBF}.Debug|x86.ActiveCfg = Debug|Any CPU
		{F9E13435-3037-4DB0-8265-BB1EEA5A1FBF}.Debug|x86.Build.0 = Debug|Any CPU
		{F9E13435-3037-4DB0-8265-BB1EEA5A1FBF}.Release|Any CPU.ActiveCfg = Release|Any CPU
		{F9E13435-3037-4DB0-8265-BB1EEA5A1FBF}.Release|Any CPU.Build.0 = Release|Any CPU
		{F9E13435-3037-4DB0-8265-BB1EEA5A1FBF}.Release|x64.ActiveCfg = Release|Any CPU
		{F9E13435-3037-4DB0-8265-BB1EEA5A1FBF}.Release|x64.Build.0 = Release|Any CPU
		{F9E13435-3037-4DB0-8265-BB1EEA5A1FBF}.Release|x86.ActiveCfg = Release|Any CPU
		{F9E13435-3037-4DB0-8265-BB1EEA5A1FBF}.Release|x86.Build.0 = Release|Any CPU
		{B690F5F3-2392-40EF-8EDA-E42517E3A8FF}.Debug|Any CPU.ActiveCfg = Debug|Any CPU
		{B690F5F3-2392-40EF-8EDA-E42517E3A8FF}.Debug|Any CPU.Build.0 = Debug|Any CPU
		{B690F5F3-2392-40EF-8EDA-E42517E3A8FF}.Debug|x64.ActiveCfg = Debug|Any CPU
		{B690F5F3-2392-40EF-8EDA-E42517E3A8FF}.Debug|x64.Build.0 = Debug|Any CPU
		{B690F5F3-2392-40EF-8EDA-E42517E3A8FF}.Debug|x86.ActiveCfg = Debug|Any CPU
		{B690F5F3-2392-40EF-8EDA-E42517E3A8FF}.Debug|x86.Build.0 = Debug|Any CPU
		{B690F5F3-2392-40EF-8EDA-E42517E3A8FF}.Release|Any CPU.ActiveCfg = Release|Any CPU
		{B690F5F3-2392-40EF-8EDA-E42517E3A8FF}.Release|Any CPU.Build.0 = Release|Any CPU
		{B690F5F3-2392-40EF-8EDA-E42517E3A8FF}.Release|x64.ActiveCfg = Release|Any CPU
		{B690F5F3-2392-40EF-8EDA-E42517E3A8FF}.Release|x64.Build.0 = Release|Any CPU
		{B690F5F3-2392-40EF-8EDA-E42517E3A8FF}.Release|x86.ActiveCfg = Release|Any CPU
		{B690F5F3-2392-40EF-8EDA-E42517E3A8FF}.Release|x86.Build.0 = Release|Any CPU
		{3AFE2C84-9A1D-462C-B8A9-7B770AA8238F}.Debug|Any CPU.ActiveCfg = Debug|Any CPU
		{3AFE2C84-9A1D-462C-B8A9-7B770AA8238F}.Debug|Any CPU.Build.0 = Debug|Any CPU
		{3AFE2C84-9A1D-462C-B8A9-7B770AA8238F}.Debug|x64.ActiveCfg = Debug|Any CPU
		{3AFE2C84-9A1D-462C-B8A9-7B770AA8238F}.Debug|x64.Build.0 = Debug|Any CPU
		{3AFE2C84-9A1D-462C-B8A9-7B770AA8238F}.Debug|x86.ActiveCfg = Debug|Any CPU
		{3AFE2C84-9A1D-462C-B8A9-7B770AA8238F}.Debug|x86.Build.0 = Debug|Any CPU
		{3AFE2C84-9A1D-462C-B8A9-7B770AA8238F}.Release|Any CPU.ActiveCfg = Release|Any CPU
		{3AFE2C84-9A1D-462C-B8A9-7B770AA8238F}.Release|Any CPU.Build.0 = Release|Any CPU
		{3AFE2C84-9A1D-462C-B8A9-7B770AA8238F}.Release|x64.ActiveCfg = Release|Any CPU
		{3AFE2C84-9A1D-462C-B8A9-7B770AA8238F}.Release|x64.Build.0 = Release|Any CPU
		{3AFE2C84-9A1D-462C-B8A9-7B770AA8238F}.Release|x86.ActiveCfg = Release|Any CPU
		{3AFE2C84-9A1D-462C-B8A9-7B770AA8238F}.Release|x86.Build.0 = Release|Any CPU
		{F7E944E3-EE7B-4B3B-9C1B-7DC3FBBBD830}.Debug|Any CPU.ActiveCfg = Debug|Any CPU
		{F7E944E3-EE7B-4B3B-9C1B-7DC3FBBBD830}.Debug|Any CPU.Build.0 = Debug|Any CPU
		{F7E944E3-EE7B-4B3B-9C1B-7DC3FBBBD830}.Debug|x64.ActiveCfg = Debug|Any CPU
		{F7E944E3-EE7B-4B3B-9C1B-7DC3FBBBD830}.Debug|x64.Build.0 = Debug|Any CPU
		{F7E944E3-EE7B-4B3B-9C1B-7DC3FBBBD830}.Debug|x86.ActiveCfg = Debug|Any CPU
		{F7E944E3-EE7B-4B3B-9C1B-7DC3FBBBD830}.Debug|x86.Build.0 = Debug|Any CPU
		{F7E944E3-EE7B-4B3B-9C1B-7DC3FBBBD830}.Release|Any CPU.ActiveCfg = Release|Any CPU
		{F7E944E3-EE7B-4B3B-9C1B-7DC3FBBBD830}.Release|Any CPU.Build.0 = Release|Any CPU
		{F7E944E3-EE7B-4B3B-9C1B-7DC3FBBBD830}.Release|x64.ActiveCfg = Release|Any CPU
		{F7E944E3-EE7B-4B3B-9C1B-7DC3FBBBD830}.Release|x64.Build.0 = Release|Any CPU
		{F7E944E3-EE7B-4B3B-9C1B-7DC3FBBBD830}.Release|x86.ActiveCfg = Release|Any CPU
		{F7E944E3-EE7B-4B3B-9C1B-7DC3FBBBD830}.Release|x86.Build.0 = Release|Any CPU
		{A5B59C33-F555-4DD1-A175-92D2130879C0}.Debug|Any CPU.ActiveCfg = Debug|Any CPU
		{A5B59C33-F555-4DD1-A175-92D2130879C0}.Debug|Any CPU.Build.0 = Debug|Any CPU
		{A5B59C33-F555-4DD1-A175-92D2130879C0}.Debug|x64.ActiveCfg = Debug|Any CPU
		{A5B59C33-F555-4DD1-A175-92D2130879C0}.Debug|x64.Build.0 = Debug|Any CPU
		{A5B59C33-F555-4DD1-A175-92D2130879C0}.Debug|x86.ActiveCfg = Debug|Any CPU
		{A5B59C33-F555-4DD1-A175-92D2130879C0}.Debug|x86.Build.0 = Debug|Any CPU
		{A5B59C33-F555-4DD1-A175-92D2130879C0}.Release|Any CPU.ActiveCfg = Release|Any CPU
		{A5B59C33-F555-4DD1-A175-92D2130879C0}.Release|Any CPU.Build.0 = Release|Any CPU
		{A5B59C33-F555-4DD1-A175-92D2130879C0}.Release|x64.ActiveCfg = Release|Any CPU
		{A5B59C33-F555-4DD1-A175-92D2130879C0}.Release|x64.Build.0 = Release|Any CPU
		{A5B59C33-F555-4DD1-A175-92D2130879C0}.Release|x86.ActiveCfg = Release|Any CPU
		{A5B59C33-F555-4DD1-A175-92D2130879C0}.Release|x86.Build.0 = Release|Any CPU
		{C1407570-7F0C-4F29-9173-E74D308FF614}.Debug|Any CPU.ActiveCfg = Debug|Any CPU
		{C1407570-7F0C-4F29-9173-E74D308FF614}.Debug|Any CPU.Build.0 = Debug|Any CPU
		{C1407570-7F0C-4F29-9173-E74D308FF614}.Debug|x64.ActiveCfg = Debug|Any CPU
		{C1407570-7F0C-4F29-9173-E74D308FF614}.Debug|x64.Build.0 = Debug|Any CPU
		{C1407570-7F0C-4F29-9173-E74D308FF614}.Debug|x86.ActiveCfg = Debug|Any CPU
		{C1407570-7F0C-4F29-9173-E74D308FF614}.Debug|x86.Build.0 = Debug|Any CPU
		{C1407570-7F0C-4F29-9173-E74D308FF614}.Release|Any CPU.ActiveCfg = Release|Any CPU
		{C1407570-7F0C-4F29-9173-E74D308FF614}.Release|Any CPU.Build.0 = Release|Any CPU
		{C1407570-7F0C-4F29-9173-E74D308FF614}.Release|x64.ActiveCfg = Release|Any CPU
		{C1407570-7F0C-4F29-9173-E74D308FF614}.Release|x64.Build.0 = Release|Any CPU
		{C1407570-7F0C-4F29-9173-E74D308FF614}.Release|x86.ActiveCfg = Release|Any CPU
		{C1407570-7F0C-4F29-9173-E74D308FF614}.Release|x86.Build.0 = Release|Any CPU
		{2A8DBB2A-76B9-4785-ADA3-7AF0DBD80272}.Debug|Any CPU.ActiveCfg = Debug|Any CPU
		{2A8DBB2A-76B9-4785-ADA3-7AF0DBD80272}.Debug|Any CPU.Build.0 = Debug|Any CPU
		{2A8DBB2A-76B9-4785-ADA3-7AF0DBD80272}.Debug|x64.ActiveCfg = Debug|Any CPU
		{2A8DBB2A-76B9-4785-ADA3-7AF0DBD80272}.Debug|x64.Build.0 = Debug|Any CPU
		{2A8DBB2A-76B9-4785-ADA3-7AF0DBD80272}.Debug|x86.ActiveCfg = Debug|Any CPU
		{2A8DBB2A-76B9-4785-ADA3-7AF0DBD80272}.Debug|x86.Build.0 = Debug|Any CPU
		{2A8DBB2A-76B9-4785-ADA3-7AF0DBD80272}.Release|Any CPU.ActiveCfg = Release|Any CPU
		{2A8DBB2A-76B9-4785-ADA3-7AF0DBD80272}.Release|Any CPU.Build.0 = Release|Any CPU
		{2A8DBB2A-76B9-4785-ADA3-7AF0DBD80272}.Release|x64.ActiveCfg = Release|Any CPU
		{2A8DBB2A-76B9-4785-ADA3-7AF0DBD80272}.Release|x64.Build.0 = Release|Any CPU
		{2A8DBB2A-76B9-4785-ADA3-7AF0DBD80272}.Release|x86.ActiveCfg = Release|Any CPU
		{2A8DBB2A-76B9-4785-ADA3-7AF0DBD80272}.Release|x86.Build.0 = Release|Any CPU
		{E9014658-ED39-46A5-B587-79DF2DB58793}.Debug|Any CPU.ActiveCfg = Debug|Any CPU
		{E9014658-ED39-46A5-B587-79DF2DB58793}.Debug|Any CPU.Build.0 = Debug|Any CPU
		{E9014658-ED39-46A5-B587-79DF2DB58793}.Debug|x64.ActiveCfg = Debug|Any CPU
		{E9014658-ED39-46A5-B587-79DF2DB58793}.Debug|x64.Build.0 = Debug|Any CPU
		{E9014658-ED39-46A5-B587-79DF2DB58793}.Debug|x86.ActiveCfg = Debug|Any CPU
		{E9014658-ED39-46A5-B587-79DF2DB58793}.Debug|x86.Build.0 = Debug|Any CPU
		{E9014658-ED39-46A5-B587-79DF2DB58793}.Release|Any CPU.ActiveCfg = Release|Any CPU
		{E9014658-ED39-46A5-B587-79DF2DB58793}.Release|Any CPU.Build.0 = Release|Any CPU
		{E9014658-ED39-46A5-B587-79DF2DB58793}.Release|x64.ActiveCfg = Release|Any CPU
		{E9014658-ED39-46A5-B587-79DF2DB58793}.Release|x64.Build.0 = Release|Any CPU
		{E9014658-ED39-46A5-B587-79DF2DB58793}.Release|x86.ActiveCfg = Release|Any CPU
		{E9014658-ED39-46A5-B587-79DF2DB58793}.Release|x86.Build.0 = Release|Any CPU
		{3B104456-0804-4903-980A-8D8591564DF5}.Debug|Any CPU.ActiveCfg = Debug|Any CPU
		{3B104456-0804-4903-980A-8D8591564DF5}.Debug|Any CPU.Build.0 = Debug|Any CPU
		{3B104456-0804-4903-980A-8D8591564DF5}.Debug|x64.ActiveCfg = Debug|Any CPU
		{3B104456-0804-4903-980A-8D8591564DF5}.Debug|x64.Build.0 = Debug|Any CPU
		{3B104456-0804-4903-980A-8D8591564DF5}.Debug|x86.ActiveCfg = Debug|Any CPU
		{3B104456-0804-4903-980A-8D8591564DF5}.Debug|x86.Build.0 = Debug|Any CPU
		{3B104456-0804-4903-980A-8D8591564DF5}.Release|Any CPU.ActiveCfg = Release|Any CPU
		{3B104456-0804-4903-980A-8D8591564DF5}.Release|Any CPU.Build.0 = Release|Any CPU
		{3B104456-0804-4903-980A-8D8591564DF5}.Release|x64.ActiveCfg = Release|Any CPU
		{3B104456-0804-4903-980A-8D8591564DF5}.Release|x64.Build.0 = Release|Any CPU
		{3B104456-0804-4903-980A-8D8591564DF5}.Release|x86.ActiveCfg = Release|Any CPU
		{3B104456-0804-4903-980A-8D8591564DF5}.Release|x86.Build.0 = Release|Any CPU
		{7BA73C58-0294-41ED-826F-8B699AFC9344}.Debug|Any CPU.ActiveCfg = Debug|Any CPU
		{7BA73C58-0294-41ED-826F-8B699AFC9344}.Debug|Any CPU.Build.0 = Debug|Any CPU
		{7BA73C58-0294-41ED-826F-8B699AFC9344}.Debug|x64.ActiveCfg = Debug|Any CPU
		{7BA73C58-0294-41ED-826F-8B699AFC9344}.Debug|x64.Build.0 = Debug|Any CPU
		{7BA73C58-0294-41ED-826F-8B699AFC9344}.Debug|x86.ActiveCfg = Debug|Any CPU
		{7BA73C58-0294-41ED-826F-8B699AFC9344}.Debug|x86.Build.0 = Debug|Any CPU
		{7BA73C58-0294-41ED-826F-8B699AFC9344}.Release|Any CPU.ActiveCfg = Release|Any CPU
		{7BA73C58-0294-41ED-826F-8B699AFC9344}.Release|Any CPU.Build.0 = Release|Any CPU
		{7BA73C58-0294-41ED-826F-8B699AFC9344}.Release|x64.ActiveCfg = Release|Any CPU
		{7BA73C58-0294-41ED-826F-8B699AFC9344}.Release|x64.Build.0 = Release|Any CPU
		{7BA73C58-0294-41ED-826F-8B699AFC9344}.Release|x86.ActiveCfg = Release|Any CPU
		{7BA73C58-0294-41ED-826F-8B699AFC9344}.Release|x86.Build.0 = Release|Any CPU
		{E4A21B1E-7766-4664-8ED8-002347AEBCCD}.Debug|Any CPU.ActiveCfg = Debug|Any CPU
		{E4A21B1E-7766-4664-8ED8-002347AEBCCD}.Debug|Any CPU.Build.0 = Debug|Any CPU
		{E4A21B1E-7766-4664-8ED8-002347AEBCCD}.Debug|x64.ActiveCfg = Debug|Any CPU
		{E4A21B1E-7766-4664-8ED8-002347AEBCCD}.Debug|x64.Build.0 = Debug|Any CPU
		{E4A21B1E-7766-4664-8ED8-002347AEBCCD}.Debug|x86.ActiveCfg = Debug|Any CPU
		{E4A21B1E-7766-4664-8ED8-002347AEBCCD}.Debug|x86.Build.0 = Debug|Any CPU
		{E4A21B1E-7766-4664-8ED8-002347AEBCCD}.Release|Any CPU.ActiveCfg = Release|Any CPU
		{E4A21B1E-7766-4664-8ED8-002347AEBCCD}.Release|Any CPU.Build.0 = Release|Any CPU
		{E4A21B1E-7766-4664-8ED8-002347AEBCCD}.Release|x64.ActiveCfg = Release|Any CPU
		{E4A21B1E-7766-4664-8ED8-002347AEBCCD}.Release|x64.Build.0 = Release|Any CPU
		{E4A21B1E-7766-4664-8ED8-002347AEBCCD}.Release|x86.ActiveCfg = Release|Any CPU
		{E4A21B1E-7766-4664-8ED8-002347AEBCCD}.Release|x86.Build.0 = Release|Any CPU
		{CD5A274B-B000-487F-9055-868FE637EA58}.Debug|Any CPU.ActiveCfg = Debug|Any CPU
		{CD5A274B-B000-487F-9055-868FE637EA58}.Debug|Any CPU.Build.0 = Debug|Any CPU
		{CD5A274B-B000-487F-9055-868FE637EA58}.Debug|x64.ActiveCfg = Debug|Any CPU
		{CD5A274B-B000-487F-9055-868FE637EA58}.Debug|x64.Build.0 = Debug|Any CPU
		{CD5A274B-B000-487F-9055-868FE637EA58}.Debug|x86.ActiveCfg = Debug|Any CPU
		{CD5A274B-B000-487F-9055-868FE637EA58}.Debug|x86.Build.0 = Debug|Any CPU
		{CD5A274B-B000-487F-9055-868FE637EA58}.Release|Any CPU.ActiveCfg = Release|Any CPU
		{CD5A274B-B000-487F-9055-868FE637EA58}.Release|Any CPU.Build.0 = Release|Any CPU
		{CD5A274B-B000-487F-9055-868FE637EA58}.Release|x64.ActiveCfg = Release|Any CPU
		{CD5A274B-B000-487F-9055-868FE637EA58}.Release|x64.Build.0 = Release|Any CPU
		{CD5A274B-B000-487F-9055-868FE637EA58}.Release|x86.ActiveCfg = Release|Any CPU
		{CD5A274B-B000-487F-9055-868FE637EA58}.Release|x86.Build.0 = Release|Any CPU
		{9F6B6E97-D63A-4B76-9054-6B13F28ABD67}.Debug|Any CPU.ActiveCfg = Debug|Any CPU
		{9F6B6E97-D63A-4B76-9054-6B13F28ABD67}.Debug|Any CPU.Build.0 = Debug|Any CPU
		{9F6B6E97-D63A-4B76-9054-6B13F28ABD67}.Debug|x64.ActiveCfg = Debug|Any CPU
		{9F6B6E97-D63A-4B76-9054-6B13F28ABD67}.Debug|x64.Build.0 = Debug|Any CPU
		{9F6B6E97-D63A-4B76-9054-6B13F28ABD67}.Debug|x86.ActiveCfg = Debug|Any CPU
		{9F6B6E97-D63A-4B76-9054-6B13F28ABD67}.Debug|x86.Build.0 = Debug|Any CPU
		{9F6B6E97-D63A-4B76-9054-6B13F28ABD67}.Release|Any CPU.ActiveCfg = Release|Any CPU
		{9F6B6E97-D63A-4B76-9054-6B13F28ABD67}.Release|Any CPU.Build.0 = Release|Any CPU
		{9F6B6E97-D63A-4B76-9054-6B13F28ABD67}.Release|x64.ActiveCfg = Release|Any CPU
		{9F6B6E97-D63A-4B76-9054-6B13F28ABD67}.Release|x64.Build.0 = Release|Any CPU
		{9F6B6E97-D63A-4B76-9054-6B13F28ABD67}.Release|x86.ActiveCfg = Release|Any CPU
		{9F6B6E97-D63A-4B76-9054-6B13F28ABD67}.Release|x86.Build.0 = Release|Any CPU
		{EADA77C3-2474-43AC-A2C3-8C37F6EDE0B3}.Debug|Any CPU.ActiveCfg = Debug|Any CPU
		{EADA77C3-2474-43AC-A2C3-8C37F6EDE0B3}.Debug|Any CPU.Build.0 = Debug|Any CPU
		{EADA77C3-2474-43AC-A2C3-8C37F6EDE0B3}.Debug|x64.ActiveCfg = Debug|Any CPU
		{EADA77C3-2474-43AC-A2C3-8C37F6EDE0B3}.Debug|x64.Build.0 = Debug|Any CPU
		{EADA77C3-2474-43AC-A2C3-8C37F6EDE0B3}.Debug|x86.ActiveCfg = Debug|Any CPU
		{EADA77C3-2474-43AC-A2C3-8C37F6EDE0B3}.Debug|x86.Build.0 = Debug|Any CPU
		{EADA77C3-2474-43AC-A2C3-8C37F6EDE0B3}.Release|Any CPU.ActiveCfg = Release|Any CPU
		{EADA77C3-2474-43AC-A2C3-8C37F6EDE0B3}.Release|Any CPU.Build.0 = Release|Any CPU
		{EADA77C3-2474-43AC-A2C3-8C37F6EDE0B3}.Release|x64.ActiveCfg = Release|Any CPU
		{EADA77C3-2474-43AC-A2C3-8C37F6EDE0B3}.Release|x64.Build.0 = Release|Any CPU
		{EADA77C3-2474-43AC-A2C3-8C37F6EDE0B3}.Release|x86.ActiveCfg = Release|Any CPU
		{EADA77C3-2474-43AC-A2C3-8C37F6EDE0B3}.Release|x86.Build.0 = Release|Any CPU
		{6B8F9F6C-3276-4696-93D9-3F7F0ACA969F}.Debug|Any CPU.ActiveCfg = Debug|Any CPU
		{6B8F9F6C-3276-4696-93D9-3F7F0ACA969F}.Debug|Any CPU.Build.0 = Debug|Any CPU
		{6B8F9F6C-3276-4696-93D9-3F7F0ACA969F}.Debug|x64.ActiveCfg = Debug|Any CPU
		{6B8F9F6C-3276-4696-93D9-3F7F0ACA969F}.Debug|x64.Build.0 = Debug|Any CPU
		{6B8F9F6C-3276-4696-93D9-3F7F0ACA969F}.Debug|x86.ActiveCfg = Debug|Any CPU
		{6B8F9F6C-3276-4696-93D9-3F7F0ACA969F}.Debug|x86.Build.0 = Debug|Any CPU
		{6B8F9F6C-3276-4696-93D9-3F7F0ACA969F}.Release|Any CPU.ActiveCfg = Release|Any CPU
		{6B8F9F6C-3276-4696-93D9-3F7F0ACA969F}.Release|Any CPU.Build.0 = Release|Any CPU
		{6B8F9F6C-3276-4696-93D9-3F7F0ACA969F}.Release|x64.ActiveCfg = Release|Any CPU
		{6B8F9F6C-3276-4696-93D9-3F7F0ACA969F}.Release|x64.Build.0 = Release|Any CPU
		{6B8F9F6C-3276-4696-93D9-3F7F0ACA969F}.Release|x86.ActiveCfg = Release|Any CPU
		{6B8F9F6C-3276-4696-93D9-3F7F0ACA969F}.Release|x86.Build.0 = Release|Any CPU
		{3A4CC8C1-D68C-4969-9CE5-9E199D07D63B}.Debug|Any CPU.ActiveCfg = Debug|Any CPU
		{3A4CC8C1-D68C-4969-9CE5-9E199D07D63B}.Debug|Any CPU.Build.0 = Debug|Any CPU
		{3A4CC8C1-D68C-4969-9CE5-9E199D07D63B}.Debug|x64.ActiveCfg = Debug|Any CPU
		{3A4CC8C1-D68C-4969-9CE5-9E199D07D63B}.Debug|x64.Build.0 = Debug|Any CPU
		{3A4CC8C1-D68C-4969-9CE5-9E199D07D63B}.Debug|x86.ActiveCfg = Debug|Any CPU
		{3A4CC8C1-D68C-4969-9CE5-9E199D07D63B}.Debug|x86.Build.0 = Debug|Any CPU
		{3A4CC8C1-D68C-4969-9CE5-9E199D07D63B}.Release|Any CPU.ActiveCfg = Release|Any CPU
		{3A4CC8C1-D68C-4969-9CE5-9E199D07D63B}.Release|Any CPU.Build.0 = Release|Any CPU
		{3A4CC8C1-D68C-4969-9CE5-9E199D07D63B}.Release|x64.ActiveCfg = Release|Any CPU
		{3A4CC8C1-D68C-4969-9CE5-9E199D07D63B}.Release|x64.Build.0 = Release|Any CPU
		{3A4CC8C1-D68C-4969-9CE5-9E199D07D63B}.Release|x86.ActiveCfg = Release|Any CPU
		{3A4CC8C1-D68C-4969-9CE5-9E199D07D63B}.Release|x86.Build.0 = Release|Any CPU
		{E1B0C372-621A-435F-84E0-1BEBCAA1947F}.Debug|Any CPU.ActiveCfg = Debug|Any CPU
		{E1B0C372-621A-435F-84E0-1BEBCAA1947F}.Debug|Any CPU.Build.0 = Debug|Any CPU
		{E1B0C372-621A-435F-84E0-1BEBCAA1947F}.Debug|x64.ActiveCfg = Debug|Any CPU
		{E1B0C372-621A-435F-84E0-1BEBCAA1947F}.Debug|x64.Build.0 = Debug|Any CPU
		{E1B0C372-621A-435F-84E0-1BEBCAA1947F}.Debug|x86.ActiveCfg = Debug|Any CPU
		{E1B0C372-621A-435F-84E0-1BEBCAA1947F}.Debug|x86.Build.0 = Debug|Any CPU
		{E1B0C372-621A-435F-84E0-1BEBCAA1947F}.Release|Any CPU.ActiveCfg = Release|Any CPU
		{E1B0C372-621A-435F-84E0-1BEBCAA1947F}.Release|Any CPU.Build.0 = Release|Any CPU
		{E1B0C372-621A-435F-84E0-1BEBCAA1947F}.Release|x64.ActiveCfg = Release|Any CPU
		{E1B0C372-621A-435F-84E0-1BEBCAA1947F}.Release|x64.Build.0 = Release|Any CPU
		{E1B0C372-621A-435F-84E0-1BEBCAA1947F}.Release|x86.ActiveCfg = Release|Any CPU
		{E1B0C372-621A-435F-84E0-1BEBCAA1947F}.Release|x86.Build.0 = Release|Any CPU
		{907F4510-7842-492C-A878-F081D6D03D81}.Debug|Any CPU.ActiveCfg = Debug|Any CPU
		{907F4510-7842-492C-A878-F081D6D03D81}.Debug|Any CPU.Build.0 = Debug|Any CPU
		{907F4510-7842-492C-A878-F081D6D03D81}.Debug|x64.ActiveCfg = Debug|Any CPU
		{907F4510-7842-492C-A878-F081D6D03D81}.Debug|x64.Build.0 = Debug|Any CPU
		{907F4510-7842-492C-A878-F081D6D03D81}.Debug|x86.ActiveCfg = Debug|Any CPU
		{907F4510-7842-492C-A878-F081D6D03D81}.Debug|x86.Build.0 = Debug|Any CPU
		{907F4510-7842-492C-A878-F081D6D03D81}.Release|Any CPU.ActiveCfg = Release|Any CPU
		{907F4510-7842-492C-A878-F081D6D03D81}.Release|Any CPU.Build.0 = Release|Any CPU
		{907F4510-7842-492C-A878-F081D6D03D81}.Release|x64.ActiveCfg = Release|Any CPU
		{907F4510-7842-492C-A878-F081D6D03D81}.Release|x64.Build.0 = Release|Any CPU
		{907F4510-7842-492C-A878-F081D6D03D81}.Release|x86.ActiveCfg = Release|Any CPU
		{907F4510-7842-492C-A878-F081D6D03D81}.Release|x86.Build.0 = Release|Any CPU
		{560A79BA-1BF7-466A-8609-DFFD8095BBB9}.Debug|Any CPU.ActiveCfg = Debug|Any CPU
		{560A79BA-1BF7-466A-8609-DFFD8095BBB9}.Debug|Any CPU.Build.0 = Debug|Any CPU
		{560A79BA-1BF7-466A-8609-DFFD8095BBB9}.Debug|x64.ActiveCfg = Debug|Any CPU
		{560A79BA-1BF7-466A-8609-DFFD8095BBB9}.Debug|x64.Build.0 = Debug|Any CPU
		{560A79BA-1BF7-466A-8609-DFFD8095BBB9}.Debug|x86.ActiveCfg = Debug|Any CPU
		{560A79BA-1BF7-466A-8609-DFFD8095BBB9}.Debug|x86.Build.0 = Debug|Any CPU
		{560A79BA-1BF7-466A-8609-DFFD8095BBB9}.Release|Any CPU.ActiveCfg = Release|Any CPU
		{560A79BA-1BF7-466A-8609-DFFD8095BBB9}.Release|Any CPU.Build.0 = Release|Any CPU
		{560A79BA-1BF7-466A-8609-DFFD8095BBB9}.Release|x64.ActiveCfg = Release|Any CPU
		{560A79BA-1BF7-466A-8609-DFFD8095BBB9}.Release|x64.Build.0 = Release|Any CPU
		{560A79BA-1BF7-466A-8609-DFFD8095BBB9}.Release|x86.ActiveCfg = Release|Any CPU
		{560A79BA-1BF7-466A-8609-DFFD8095BBB9}.Release|x86.Build.0 = Release|Any CPU
		{82760E8B-6D79-432F-BC65-9E5C06979B16}.Debug|Any CPU.ActiveCfg = Debug|Any CPU
		{82760E8B-6D79-432F-BC65-9E5C06979B16}.Debug|Any CPU.Build.0 = Debug|Any CPU
		{82760E8B-6D79-432F-BC65-9E5C06979B16}.Debug|x64.ActiveCfg = Debug|Any CPU
		{82760E8B-6D79-432F-BC65-9E5C06979B16}.Debug|x64.Build.0 = Debug|Any CPU
		{82760E8B-6D79-432F-BC65-9E5C06979B16}.Debug|x86.ActiveCfg = Debug|Any CPU
		{82760E8B-6D79-432F-BC65-9E5C06979B16}.Debug|x86.Build.0 = Debug|Any CPU
		{82760E8B-6D79-432F-BC65-9E5C06979B16}.Release|Any CPU.ActiveCfg = Release|Any CPU
		{82760E8B-6D79-432F-BC65-9E5C06979B16}.Release|Any CPU.Build.0 = Release|Any CPU
		{82760E8B-6D79-432F-BC65-9E5C06979B16}.Release|x64.ActiveCfg = Release|Any CPU
		{82760E8B-6D79-432F-BC65-9E5C06979B16}.Release|x64.Build.0 = Release|Any CPU
		{82760E8B-6D79-432F-BC65-9E5C06979B16}.Release|x86.ActiveCfg = Release|Any CPU
		{82760E8B-6D79-432F-BC65-9E5C06979B16}.Release|x86.Build.0 = Release|Any CPU
		{E6008ADD-60F7-4F47-AC57-6A568894C839}.Debug|Any CPU.ActiveCfg = Debug|Any CPU
		{E6008ADD-60F7-4F47-AC57-6A568894C839}.Debug|Any CPU.Build.0 = Debug|Any CPU
		{E6008ADD-60F7-4F47-AC57-6A568894C839}.Debug|x64.ActiveCfg = Debug|Any CPU
		{E6008ADD-60F7-4F47-AC57-6A568894C839}.Debug|x64.Build.0 = Debug|Any CPU
		{E6008ADD-60F7-4F47-AC57-6A568894C839}.Debug|x86.ActiveCfg = Debug|Any CPU
		{E6008ADD-60F7-4F47-AC57-6A568894C839}.Debug|x86.Build.0 = Debug|Any CPU
		{E6008ADD-60F7-4F47-AC57-6A568894C839}.Release|Any CPU.ActiveCfg = Release|Any CPU
		{E6008ADD-60F7-4F47-AC57-6A568894C839}.Release|Any CPU.Build.0 = Release|Any CPU
		{E6008ADD-60F7-4F47-AC57-6A568894C839}.Release|x64.ActiveCfg = Release|Any CPU
		{E6008ADD-60F7-4F47-AC57-6A568894C839}.Release|x64.Build.0 = Release|Any CPU
		{E6008ADD-60F7-4F47-AC57-6A568894C839}.Release|x86.ActiveCfg = Release|Any CPU
		{E6008ADD-60F7-4F47-AC57-6A568894C839}.Release|x86.Build.0 = Release|Any CPU
		{34D8A0BD-3A88-419C-862F-F8B40D94E2CF}.Debug|Any CPU.ActiveCfg = Debug|Any CPU
		{34D8A0BD-3A88-419C-862F-F8B40D94E2CF}.Debug|Any CPU.Build.0 = Debug|Any CPU
		{34D8A0BD-3A88-419C-862F-F8B40D94E2CF}.Debug|x64.ActiveCfg = Debug|Any CPU
		{34D8A0BD-3A88-419C-862F-F8B40D94E2CF}.Debug|x64.Build.0 = Debug|Any CPU
		{34D8A0BD-3A88-419C-862F-F8B40D94E2CF}.Debug|x86.ActiveCfg = Debug|Any CPU
		{34D8A0BD-3A88-419C-862F-F8B40D94E2CF}.Debug|x86.Build.0 = Debug|Any CPU
		{34D8A0BD-3A88-419C-862F-F8B40D94E2CF}.Release|Any CPU.ActiveCfg = Release|Any CPU
		{34D8A0BD-3A88-419C-862F-F8B40D94E2CF}.Release|Any CPU.Build.0 = Release|Any CPU
		{34D8A0BD-3A88-419C-862F-F8B40D94E2CF}.Release|x64.ActiveCfg = Release|Any CPU
		{34D8A0BD-3A88-419C-862F-F8B40D94E2CF}.Release|x64.Build.0 = Release|Any CPU
		{34D8A0BD-3A88-419C-862F-F8B40D94E2CF}.Release|x86.ActiveCfg = Release|Any CPU
		{34D8A0BD-3A88-419C-862F-F8B40D94E2CF}.Release|x86.Build.0 = Release|Any CPU
		{E8B943E7-D408-4284-9551-1BFFDA08950A}.Debug|Any CPU.ActiveCfg = Debug|Any CPU
		{E8B943E7-D408-4284-9551-1BFFDA08950A}.Debug|Any CPU.Build.0 = Debug|Any CPU
		{E8B943E7-D408-4284-9551-1BFFDA08950A}.Debug|x64.ActiveCfg = Debug|Any CPU
		{E8B943E7-D408-4284-9551-1BFFDA08950A}.Debug|x64.Build.0 = Debug|Any CPU
		{E8B943E7-D408-4284-9551-1BFFDA08950A}.Debug|x86.ActiveCfg = Debug|Any CPU
		{E8B943E7-D408-4284-9551-1BFFDA08950A}.Debug|x86.Build.0 = Debug|Any CPU
		{E8B943E7-D408-4284-9551-1BFFDA08950A}.Release|Any CPU.ActiveCfg = Release|Any CPU
		{E8B943E7-D408-4284-9551-1BFFDA08950A}.Release|Any CPU.Build.0 = Release|Any CPU
		{E8B943E7-D408-4284-9551-1BFFDA08950A}.Release|x64.ActiveCfg = Release|Any CPU
		{E8B943E7-D408-4284-9551-1BFFDA08950A}.Release|x64.Build.0 = Release|Any CPU
		{E8B943E7-D408-4284-9551-1BFFDA08950A}.Release|x86.ActiveCfg = Release|Any CPU
		{E8B943E7-D408-4284-9551-1BFFDA08950A}.Release|x86.Build.0 = Release|Any CPU
		{7067B0BF-3EB5-471E-8A29-6A021AF27671}.Debug|Any CPU.ActiveCfg = Debug|Any CPU
		{7067B0BF-3EB5-471E-8A29-6A021AF27671}.Debug|Any CPU.Build.0 = Debug|Any CPU
		{7067B0BF-3EB5-471E-8A29-6A021AF27671}.Debug|x64.ActiveCfg = Debug|Any CPU
		{7067B0BF-3EB5-471E-8A29-6A021AF27671}.Debug|x64.Build.0 = Debug|Any CPU
		{7067B0BF-3EB5-471E-8A29-6A021AF27671}.Debug|x86.ActiveCfg = Debug|Any CPU
		{7067B0BF-3EB5-471E-8A29-6A021AF27671}.Debug|x86.Build.0 = Debug|Any CPU
		{7067B0BF-3EB5-471E-8A29-6A021AF27671}.Release|Any CPU.ActiveCfg = Release|Any CPU
		{7067B0BF-3EB5-471E-8A29-6A021AF27671}.Release|Any CPU.Build.0 = Release|Any CPU
		{7067B0BF-3EB5-471E-8A29-6A021AF27671}.Release|x64.ActiveCfg = Release|Any CPU
		{7067B0BF-3EB5-471E-8A29-6A021AF27671}.Release|x64.Build.0 = Release|Any CPU
		{7067B0BF-3EB5-471E-8A29-6A021AF27671}.Release|x86.ActiveCfg = Release|Any CPU
		{7067B0BF-3EB5-471E-8A29-6A021AF27671}.Release|x86.Build.0 = Release|Any CPU
		{B58B8A7C-5953-4B13-AB24-991109973FFB}.Debug|Any CPU.ActiveCfg = Debug|Any CPU
		{B58B8A7C-5953-4B13-AB24-991109973FFB}.Debug|Any CPU.Build.0 = Debug|Any CPU
		{B58B8A7C-5953-4B13-AB24-991109973FFB}.Debug|x64.ActiveCfg = Debug|Any CPU
		{B58B8A7C-5953-4B13-AB24-991109973FFB}.Debug|x64.Build.0 = Debug|Any CPU
		{B58B8A7C-5953-4B13-AB24-991109973FFB}.Debug|x86.ActiveCfg = Debug|Any CPU
		{B58B8A7C-5953-4B13-AB24-991109973FFB}.Debug|x86.Build.0 = Debug|Any CPU
		{B58B8A7C-5953-4B13-AB24-991109973FFB}.Release|Any CPU.ActiveCfg = Release|Any CPU
		{B58B8A7C-5953-4B13-AB24-991109973FFB}.Release|Any CPU.Build.0 = Release|Any CPU
		{B58B8A7C-5953-4B13-AB24-991109973FFB}.Release|x64.ActiveCfg = Release|Any CPU
		{B58B8A7C-5953-4B13-AB24-991109973FFB}.Release|x64.Build.0 = Release|Any CPU
		{B58B8A7C-5953-4B13-AB24-991109973FFB}.Release|x86.ActiveCfg = Release|Any CPU
		{B58B8A7C-5953-4B13-AB24-991109973FFB}.Release|x86.Build.0 = Release|Any CPU
		{32751B16-AAB9-42D6-A530-A991F565C1FD}.Debug|Any CPU.ActiveCfg = Debug|Any CPU
		{32751B16-AAB9-42D6-A530-A991F565C1FD}.Debug|Any CPU.Build.0 = Debug|Any CPU
		{32751B16-AAB9-42D6-A530-A991F565C1FD}.Debug|x64.ActiveCfg = Debug|Any CPU
		{32751B16-AAB9-42D6-A530-A991F565C1FD}.Debug|x64.Build.0 = Debug|Any CPU
		{32751B16-AAB9-42D6-A530-A991F565C1FD}.Debug|x86.ActiveCfg = Debug|Any CPU
		{32751B16-AAB9-42D6-A530-A991F565C1FD}.Debug|x86.Build.0 = Debug|Any CPU
		{32751B16-AAB9-42D6-A530-A991F565C1FD}.Release|Any CPU.ActiveCfg = Release|Any CPU
		{32751B16-AAB9-42D6-A530-A991F565C1FD}.Release|Any CPU.Build.0 = Release|Any CPU
		{32751B16-AAB9-42D6-A530-A991F565C1FD}.Release|x64.ActiveCfg = Release|Any CPU
		{32751B16-AAB9-42D6-A530-A991F565C1FD}.Release|x64.Build.0 = Release|Any CPU
		{32751B16-AAB9-42D6-A530-A991F565C1FD}.Release|x86.ActiveCfg = Release|Any CPU
		{32751B16-AAB9-42D6-A530-A991F565C1FD}.Release|x86.Build.0 = Release|Any CPU
		{F36046A9-A306-48CF-86AB-75FC309F8F29}.Debug|Any CPU.ActiveCfg = Debug|Any CPU
		{F36046A9-A306-48CF-86AB-75FC309F8F29}.Debug|Any CPU.Build.0 = Debug|Any CPU
		{F36046A9-A306-48CF-86AB-75FC309F8F29}.Debug|x64.ActiveCfg = Debug|Any CPU
		{F36046A9-A306-48CF-86AB-75FC309F8F29}.Debug|x64.Build.0 = Debug|Any CPU
		{F36046A9-A306-48CF-86AB-75FC309F8F29}.Debug|x86.ActiveCfg = Debug|Any CPU
		{F36046A9-A306-48CF-86AB-75FC309F8F29}.Debug|x86.Build.0 = Debug|Any CPU
		{F36046A9-A306-48CF-86AB-75FC309F8F29}.Release|Any CPU.ActiveCfg = Release|Any CPU
		{F36046A9-A306-48CF-86AB-75FC309F8F29}.Release|Any CPU.Build.0 = Release|Any CPU
		{F36046A9-A306-48CF-86AB-75FC309F8F29}.Release|x64.ActiveCfg = Release|Any CPU
		{F36046A9-A306-48CF-86AB-75FC309F8F29}.Release|x64.Build.0 = Release|Any CPU
		{F36046A9-A306-48CF-86AB-75FC309F8F29}.Release|x86.ActiveCfg = Release|Any CPU
		{F36046A9-A306-48CF-86AB-75FC309F8F29}.Release|x86.Build.0 = Release|Any CPU
		{EFC18E8D-8DDC-4011-BD56-10631ABCD3F7}.Debug|Any CPU.ActiveCfg = Debug|Any CPU
		{EFC18E8D-8DDC-4011-BD56-10631ABCD3F7}.Debug|Any CPU.Build.0 = Debug|Any CPU
		{EFC18E8D-8DDC-4011-BD56-10631ABCD3F7}.Debug|x64.ActiveCfg = Debug|Any CPU
		{EFC18E8D-8DDC-4011-BD56-10631ABCD3F7}.Debug|x64.Build.0 = Debug|Any CPU
		{EFC18E8D-8DDC-4011-BD56-10631ABCD3F7}.Debug|x86.ActiveCfg = Debug|Any CPU
		{EFC18E8D-8DDC-4011-BD56-10631ABCD3F7}.Debug|x86.Build.0 = Debug|Any CPU
		{EFC18E8D-8DDC-4011-BD56-10631ABCD3F7}.Release|Any CPU.ActiveCfg = Release|Any CPU
		{EFC18E8D-8DDC-4011-BD56-10631ABCD3F7}.Release|Any CPU.Build.0 = Release|Any CPU
		{EFC18E8D-8DDC-4011-BD56-10631ABCD3F7}.Release|x64.ActiveCfg = Release|Any CPU
		{EFC18E8D-8DDC-4011-BD56-10631ABCD3F7}.Release|x64.Build.0 = Release|Any CPU
		{EFC18E8D-8DDC-4011-BD56-10631ABCD3F7}.Release|x86.ActiveCfg = Release|Any CPU
		{EFC18E8D-8DDC-4011-BD56-10631ABCD3F7}.Release|x86.Build.0 = Release|Any CPU
		{044CC587-8B45-4292-ACE2-CDAC6CBD8224}.Debug|Any CPU.ActiveCfg = Debug|Any CPU
		{044CC587-8B45-4292-ACE2-CDAC6CBD8224}.Debug|Any CPU.Build.0 = Debug|Any CPU
		{044CC587-8B45-4292-ACE2-CDAC6CBD8224}.Debug|x64.ActiveCfg = Debug|Any CPU
		{044CC587-8B45-4292-ACE2-CDAC6CBD8224}.Debug|x64.Build.0 = Debug|Any CPU
		{044CC587-8B45-4292-ACE2-CDAC6CBD8224}.Debug|x86.ActiveCfg = Debug|Any CPU
		{044CC587-8B45-4292-ACE2-CDAC6CBD8224}.Debug|x86.Build.0 = Debug|Any CPU
		{044CC587-8B45-4292-ACE2-CDAC6CBD8224}.Release|Any CPU.ActiveCfg = Release|Any CPU
		{044CC587-8B45-4292-ACE2-CDAC6CBD8224}.Release|Any CPU.Build.0 = Release|Any CPU
		{044CC587-8B45-4292-ACE2-CDAC6CBD8224}.Release|x64.ActiveCfg = Release|Any CPU
		{044CC587-8B45-4292-ACE2-CDAC6CBD8224}.Release|x64.Build.0 = Release|Any CPU
		{044CC587-8B45-4292-ACE2-CDAC6CBD8224}.Release|x86.ActiveCfg = Release|Any CPU
		{044CC587-8B45-4292-ACE2-CDAC6CBD8224}.Release|x86.Build.0 = Release|Any CPU
		{61C39919-E091-4128-BBFA-4DFF7F892B06}.Debug|Any CPU.ActiveCfg = Debug|Any CPU
		{61C39919-E091-4128-BBFA-4DFF7F892B06}.Debug|Any CPU.Build.0 = Debug|Any CPU
		{61C39919-E091-4128-BBFA-4DFF7F892B06}.Debug|x64.ActiveCfg = Debug|Any CPU
		{61C39919-E091-4128-BBFA-4DFF7F892B06}.Debug|x64.Build.0 = Debug|Any CPU
		{61C39919-E091-4128-BBFA-4DFF7F892B06}.Debug|x86.ActiveCfg = Debug|Any CPU
		{61C39919-E091-4128-BBFA-4DFF7F892B06}.Debug|x86.Build.0 = Debug|Any CPU
		{61C39919-E091-4128-BBFA-4DFF7F892B06}.Release|Any CPU.ActiveCfg = Release|Any CPU
		{61C39919-E091-4128-BBFA-4DFF7F892B06}.Release|Any CPU.Build.0 = Release|Any CPU
		{61C39919-E091-4128-BBFA-4DFF7F892B06}.Release|x64.ActiveCfg = Release|Any CPU
		{61C39919-E091-4128-BBFA-4DFF7F892B06}.Release|x64.Build.0 = Release|Any CPU
		{61C39919-E091-4128-BBFA-4DFF7F892B06}.Release|x86.ActiveCfg = Release|Any CPU
		{61C39919-E091-4128-BBFA-4DFF7F892B06}.Release|x86.Build.0 = Release|Any CPU
		{552D09E5-11EA-4A3B-AD28-B46AC9F348D5}.Debug|Any CPU.ActiveCfg = Debug|Any CPU
		{552D09E5-11EA-4A3B-AD28-B46AC9F348D5}.Debug|Any CPU.Build.0 = Debug|Any CPU
		{552D09E5-11EA-4A3B-AD28-B46AC9F348D5}.Debug|x64.ActiveCfg = Debug|Any CPU
		{552D09E5-11EA-4A3B-AD28-B46AC9F348D5}.Debug|x64.Build.0 = Debug|Any CPU
		{552D09E5-11EA-4A3B-AD28-B46AC9F348D5}.Debug|x86.ActiveCfg = Debug|Any CPU
		{552D09E5-11EA-4A3B-AD28-B46AC9F348D5}.Debug|x86.Build.0 = Debug|Any CPU
		{552D09E5-11EA-4A3B-AD28-B46AC9F348D5}.Release|Any CPU.ActiveCfg = Release|Any CPU
		{552D09E5-11EA-4A3B-AD28-B46AC9F348D5}.Release|Any CPU.Build.0 = Release|Any CPU
		{552D09E5-11EA-4A3B-AD28-B46AC9F348D5}.Release|x64.ActiveCfg = Release|Any CPU
		{552D09E5-11EA-4A3B-AD28-B46AC9F348D5}.Release|x64.Build.0 = Release|Any CPU
		{552D09E5-11EA-4A3B-AD28-B46AC9F348D5}.Release|x86.ActiveCfg = Release|Any CPU
		{552D09E5-11EA-4A3B-AD28-B46AC9F348D5}.Release|x86.Build.0 = Release|Any CPU
		{790FBBF6-CED7-46C6-9D0C-BCA6DC8D26D7}.Debug|Any CPU.ActiveCfg = Debug|Any CPU
		{790FBBF6-CED7-46C6-9D0C-BCA6DC8D26D7}.Debug|Any CPU.Build.0 = Debug|Any CPU
		{790FBBF6-CED7-46C6-9D0C-BCA6DC8D26D7}.Debug|x64.ActiveCfg = Debug|Any CPU
		{790FBBF6-CED7-46C6-9D0C-BCA6DC8D26D7}.Debug|x64.Build.0 = Debug|Any CPU
		{790FBBF6-CED7-46C6-9D0C-BCA6DC8D26D7}.Debug|x86.ActiveCfg = Debug|Any CPU
		{790FBBF6-CED7-46C6-9D0C-BCA6DC8D26D7}.Debug|x86.Build.0 = Debug|Any CPU
		{790FBBF6-CED7-46C6-9D0C-BCA6DC8D26D7}.Release|Any CPU.ActiveCfg = Release|Any CPU
		{790FBBF6-CED7-46C6-9D0C-BCA6DC8D26D7}.Release|Any CPU.Build.0 = Release|Any CPU
		{790FBBF6-CED7-46C6-9D0C-BCA6DC8D26D7}.Release|x64.ActiveCfg = Release|Any CPU
		{790FBBF6-CED7-46C6-9D0C-BCA6DC8D26D7}.Release|x64.Build.0 = Release|Any CPU
		{790FBBF6-CED7-46C6-9D0C-BCA6DC8D26D7}.Release|x86.ActiveCfg = Release|Any CPU
		{790FBBF6-CED7-46C6-9D0C-BCA6DC8D26D7}.Release|x86.Build.0 = Release|Any CPU
		{340DCC49-165D-43D2-9FB2-59EBDD24B630}.Debug|Any CPU.ActiveCfg = Debug|Any CPU
		{340DCC49-165D-43D2-9FB2-59EBDD24B630}.Debug|Any CPU.Build.0 = Debug|Any CPU
		{340DCC49-165D-43D2-9FB2-59EBDD24B630}.Debug|x64.ActiveCfg = Debug|Any CPU
		{340DCC49-165D-43D2-9FB2-59EBDD24B630}.Debug|x64.Build.0 = Debug|Any CPU
		{340DCC49-165D-43D2-9FB2-59EBDD24B630}.Debug|x86.ActiveCfg = Debug|Any CPU
		{340DCC49-165D-43D2-9FB2-59EBDD24B630}.Debug|x86.Build.0 = Debug|Any CPU
		{340DCC49-165D-43D2-9FB2-59EBDD24B630}.Release|Any CPU.ActiveCfg = Release|Any CPU
		{340DCC49-165D-43D2-9FB2-59EBDD24B630}.Release|Any CPU.Build.0 = Release|Any CPU
		{340DCC49-165D-43D2-9FB2-59EBDD24B630}.Release|x64.ActiveCfg = Release|Any CPU
		{340DCC49-165D-43D2-9FB2-59EBDD24B630}.Release|x64.Build.0 = Release|Any CPU
		{340DCC49-165D-43D2-9FB2-59EBDD24B630}.Release|x86.ActiveCfg = Release|Any CPU
		{340DCC49-165D-43D2-9FB2-59EBDD24B630}.Release|x86.Build.0 = Release|Any CPU
		{2D11D2FD-B57B-45AF-8CE5-31494FC400D2}.Debug|Any CPU.ActiveCfg = Debug|Any CPU
		{2D11D2FD-B57B-45AF-8CE5-31494FC400D2}.Debug|Any CPU.Build.0 = Debug|Any CPU
		{2D11D2FD-B57B-45AF-8CE5-31494FC400D2}.Debug|x64.ActiveCfg = Debug|Any CPU
		{2D11D2FD-B57B-45AF-8CE5-31494FC400D2}.Debug|x64.Build.0 = Debug|Any CPU
		{2D11D2FD-B57B-45AF-8CE5-31494FC400D2}.Debug|x86.ActiveCfg = Debug|Any CPU
		{2D11D2FD-B57B-45AF-8CE5-31494FC400D2}.Debug|x86.Build.0 = Debug|Any CPU
		{2D11D2FD-B57B-45AF-8CE5-31494FC400D2}.Release|Any CPU.ActiveCfg = Release|Any CPU
		{2D11D2FD-B57B-45AF-8CE5-31494FC400D2}.Release|Any CPU.Build.0 = Release|Any CPU
		{2D11D2FD-B57B-45AF-8CE5-31494FC400D2}.Release|x64.ActiveCfg = Release|Any CPU
		{2D11D2FD-B57B-45AF-8CE5-31494FC400D2}.Release|x64.Build.0 = Release|Any CPU
		{2D11D2FD-B57B-45AF-8CE5-31494FC400D2}.Release|x86.ActiveCfg = Release|Any CPU
		{2D11D2FD-B57B-45AF-8CE5-31494FC400D2}.Release|x86.Build.0 = Release|Any CPU
		{24799A47-28A7-4123-9156-3C54617977A8}.Debug|Any CPU.ActiveCfg = Debug|Any CPU
		{24799A47-28A7-4123-9156-3C54617977A8}.Debug|Any CPU.Build.0 = Debug|Any CPU
		{24799A47-28A7-4123-9156-3C54617977A8}.Debug|x64.ActiveCfg = Debug|Any CPU
		{24799A47-28A7-4123-9156-3C54617977A8}.Debug|x64.Build.0 = Debug|Any CPU
		{24799A47-28A7-4123-9156-3C54617977A8}.Debug|x86.ActiveCfg = Debug|Any CPU
		{24799A47-28A7-4123-9156-3C54617977A8}.Debug|x86.Build.0 = Debug|Any CPU
		{24799A47-28A7-4123-9156-3C54617977A8}.Release|Any CPU.ActiveCfg = Release|Any CPU
		{24799A47-28A7-4123-9156-3C54617977A8}.Release|Any CPU.Build.0 = Release|Any CPU
		{24799A47-28A7-4123-9156-3C54617977A8}.Release|x64.ActiveCfg = Release|Any CPU
		{24799A47-28A7-4123-9156-3C54617977A8}.Release|x64.Build.0 = Release|Any CPU
		{24799A47-28A7-4123-9156-3C54617977A8}.Release|x86.ActiveCfg = Release|Any CPU
		{24799A47-28A7-4123-9156-3C54617977A8}.Release|x86.Build.0 = Release|Any CPU
		{AB939161-E642-4F5C-9B54-0CB0D6AB8BC4}.Debug|Any CPU.ActiveCfg = Debug|Any CPU
		{AB939161-E642-4F5C-9B54-0CB0D6AB8BC4}.Debug|Any CPU.Build.0 = Debug|Any CPU
		{AB939161-E642-4F5C-9B54-0CB0D6AB8BC4}.Debug|x64.ActiveCfg = Debug|Any CPU
		{AB939161-E642-4F5C-9B54-0CB0D6AB8BC4}.Debug|x64.Build.0 = Debug|Any CPU
		{AB939161-E642-4F5C-9B54-0CB0D6AB8BC4}.Debug|x86.ActiveCfg = Debug|Any CPU
		{AB939161-E642-4F5C-9B54-0CB0D6AB8BC4}.Debug|x86.Build.0 = Debug|Any CPU
		{AB939161-E642-4F5C-9B54-0CB0D6AB8BC4}.Release|Any CPU.ActiveCfg = Release|Any CPU
		{AB939161-E642-4F5C-9B54-0CB0D6AB8BC4}.Release|Any CPU.Build.0 = Release|Any CPU
		{AB939161-E642-4F5C-9B54-0CB0D6AB8BC4}.Release|x64.ActiveCfg = Release|Any CPU
		{AB939161-E642-4F5C-9B54-0CB0D6AB8BC4}.Release|x64.Build.0 = Release|Any CPU
		{AB939161-E642-4F5C-9B54-0CB0D6AB8BC4}.Release|x86.ActiveCfg = Release|Any CPU
		{AB939161-E642-4F5C-9B54-0CB0D6AB8BC4}.Release|x86.Build.0 = Release|Any CPU
		{07A338C6-1A7E-4B65-A092-DC7DAEB54D7C}.Debug|Any CPU.ActiveCfg = Debug|Any CPU
		{07A338C6-1A7E-4B65-A092-DC7DAEB54D7C}.Debug|Any CPU.Build.0 = Debug|Any CPU
		{07A338C6-1A7E-4B65-A092-DC7DAEB54D7C}.Debug|x64.ActiveCfg = Debug|Any CPU
		{07A338C6-1A7E-4B65-A092-DC7DAEB54D7C}.Debug|x64.Build.0 = Debug|Any CPU
		{07A338C6-1A7E-4B65-A092-DC7DAEB54D7C}.Debug|x86.ActiveCfg = Debug|Any CPU
		{07A338C6-1A7E-4B65-A092-DC7DAEB54D7C}.Debug|x86.Build.0 = Debug|Any CPU
		{07A338C6-1A7E-4B65-A092-DC7DAEB54D7C}.Release|Any CPU.ActiveCfg = Release|Any CPU
		{07A338C6-1A7E-4B65-A092-DC7DAEB54D7C}.Release|Any CPU.Build.0 = Release|Any CPU
		{07A338C6-1A7E-4B65-A092-DC7DAEB54D7C}.Release|x64.ActiveCfg = Release|Any CPU
		{07A338C6-1A7E-4B65-A092-DC7DAEB54D7C}.Release|x64.Build.0 = Release|Any CPU
		{07A338C6-1A7E-4B65-A092-DC7DAEB54D7C}.Release|x86.ActiveCfg = Release|Any CPU
		{07A338C6-1A7E-4B65-A092-DC7DAEB54D7C}.Release|x86.Build.0 = Release|Any CPU
		{1C198683-954B-47C1-B6EA-00C8C9A30D5F}.Debug|Any CPU.ActiveCfg = Debug|Any CPU
		{1C198683-954B-47C1-B6EA-00C8C9A30D5F}.Debug|Any CPU.Build.0 = Debug|Any CPU
		{1C198683-954B-47C1-B6EA-00C8C9A30D5F}.Debug|x64.ActiveCfg = Debug|Any CPU
		{1C198683-954B-47C1-B6EA-00C8C9A30D5F}.Debug|x64.Build.0 = Debug|Any CPU
		{1C198683-954B-47C1-B6EA-00C8C9A30D5F}.Debug|x86.ActiveCfg = Debug|Any CPU
		{1C198683-954B-47C1-B6EA-00C8C9A30D5F}.Debug|x86.Build.0 = Debug|Any CPU
		{1C198683-954B-47C1-B6EA-00C8C9A30D5F}.Release|Any CPU.ActiveCfg = Release|Any CPU
		{1C198683-954B-47C1-B6EA-00C8C9A30D5F}.Release|Any CPU.Build.0 = Release|Any CPU
		{1C198683-954B-47C1-B6EA-00C8C9A30D5F}.Release|x64.ActiveCfg = Release|Any CPU
		{1C198683-954B-47C1-B6EA-00C8C9A30D5F}.Release|x64.Build.0 = Release|Any CPU
		{1C198683-954B-47C1-B6EA-00C8C9A30D5F}.Release|x86.ActiveCfg = Release|Any CPU
		{1C198683-954B-47C1-B6EA-00C8C9A30D5F}.Release|x86.Build.0 = Release|Any CPU
		{4EF282E5-DE09-4E4A-9C11-BB490BF11C7B}.Debug|Any CPU.ActiveCfg = Debug|Any CPU
		{4EF282E5-DE09-4E4A-9C11-BB490BF11C7B}.Debug|Any CPU.Build.0 = Debug|Any CPU
		{4EF282E5-DE09-4E4A-9C11-BB490BF11C7B}.Debug|x64.ActiveCfg = Debug|Any CPU
		{4EF282E5-DE09-4E4A-9C11-BB490BF11C7B}.Debug|x64.Build.0 = Debug|Any CPU
		{4EF282E5-DE09-4E4A-9C11-BB490BF11C7B}.Debug|x86.ActiveCfg = Debug|Any CPU
		{4EF282E5-DE09-4E4A-9C11-BB490BF11C7B}.Debug|x86.Build.0 = Debug|Any CPU
		{4EF282E5-DE09-4E4A-9C11-BB490BF11C7B}.Release|Any CPU.ActiveCfg = Release|Any CPU
		{4EF282E5-DE09-4E4A-9C11-BB490BF11C7B}.Release|Any CPU.Build.0 = Release|Any CPU
		{4EF282E5-DE09-4E4A-9C11-BB490BF11C7B}.Release|x64.ActiveCfg = Release|Any CPU
		{4EF282E5-DE09-4E4A-9C11-BB490BF11C7B}.Release|x64.Build.0 = Release|Any CPU
		{4EF282E5-DE09-4E4A-9C11-BB490BF11C7B}.Release|x86.ActiveCfg = Release|Any CPU
		{4EF282E5-DE09-4E4A-9C11-BB490BF11C7B}.Release|x86.Build.0 = Release|Any CPU
		{630D1BB0-BBE1-4590-AF94-BF40D49EBBB4}.Debug|Any CPU.ActiveCfg = Debug|Any CPU
		{630D1BB0-BBE1-4590-AF94-BF40D49EBBB4}.Debug|Any CPU.Build.0 = Debug|Any CPU
		{630D1BB0-BBE1-4590-AF94-BF40D49EBBB4}.Debug|x64.ActiveCfg = Debug|Any CPU
		{630D1BB0-BBE1-4590-AF94-BF40D49EBBB4}.Debug|x64.Build.0 = Debug|Any CPU
		{630D1BB0-BBE1-4590-AF94-BF40D49EBBB4}.Debug|x86.ActiveCfg = Debug|Any CPU
		{630D1BB0-BBE1-4590-AF94-BF40D49EBBB4}.Debug|x86.Build.0 = Debug|Any CPU
		{630D1BB0-BBE1-4590-AF94-BF40D49EBBB4}.Release|Any CPU.ActiveCfg = Release|Any CPU
		{630D1BB0-BBE1-4590-AF94-BF40D49EBBB4}.Release|Any CPU.Build.0 = Release|Any CPU
		{630D1BB0-BBE1-4590-AF94-BF40D49EBBB4}.Release|x64.ActiveCfg = Release|Any CPU
		{630D1BB0-BBE1-4590-AF94-BF40D49EBBB4}.Release|x64.Build.0 = Release|Any CPU
		{630D1BB0-BBE1-4590-AF94-BF40D49EBBB4}.Release|x86.ActiveCfg = Release|Any CPU
		{630D1BB0-BBE1-4590-AF94-BF40D49EBBB4}.Release|x86.Build.0 = Release|Any CPU
		{EF2C7484-12EC-4C4D-9A8E-CF09BCA0046F}.Debug|Any CPU.ActiveCfg = Debug|Any CPU
		{EF2C7484-12EC-4C4D-9A8E-CF09BCA0046F}.Debug|Any CPU.Build.0 = Debug|Any CPU
		{EF2C7484-12EC-4C4D-9A8E-CF09BCA0046F}.Debug|x64.ActiveCfg = Debug|Any CPU
		{EF2C7484-12EC-4C4D-9A8E-CF09BCA0046F}.Debug|x64.Build.0 = Debug|Any CPU
		{EF2C7484-12EC-4C4D-9A8E-CF09BCA0046F}.Debug|x86.ActiveCfg = Debug|Any CPU
		{EF2C7484-12EC-4C4D-9A8E-CF09BCA0046F}.Debug|x86.Build.0 = Debug|Any CPU
		{EF2C7484-12EC-4C4D-9A8E-CF09BCA0046F}.Release|Any CPU.ActiveCfg = Release|Any CPU
		{EF2C7484-12EC-4C4D-9A8E-CF09BCA0046F}.Release|Any CPU.Build.0 = Release|Any CPU
		{EF2C7484-12EC-4C4D-9A8E-CF09BCA0046F}.Release|x64.ActiveCfg = Release|Any CPU
		{EF2C7484-12EC-4C4D-9A8E-CF09BCA0046F}.Release|x64.Build.0 = Release|Any CPU
		{EF2C7484-12EC-4C4D-9A8E-CF09BCA0046F}.Release|x86.ActiveCfg = Release|Any CPU
		{EF2C7484-12EC-4C4D-9A8E-CF09BCA0046F}.Release|x86.Build.0 = Release|Any CPU
		{3D0144C7-A4CD-451F-89DF-BB05CA690973}.Debug|Any CPU.ActiveCfg = Debug|Any CPU
		{3D0144C7-A4CD-451F-89DF-BB05CA690973}.Debug|Any CPU.Build.0 = Debug|Any CPU
		{3D0144C7-A4CD-451F-89DF-BB05CA690973}.Debug|x64.ActiveCfg = Debug|Any CPU
		{3D0144C7-A4CD-451F-89DF-BB05CA690973}.Debug|x64.Build.0 = Debug|Any CPU
		{3D0144C7-A4CD-451F-89DF-BB05CA690973}.Debug|x86.ActiveCfg = Debug|Any CPU
		{3D0144C7-A4CD-451F-89DF-BB05CA690973}.Debug|x86.Build.0 = Debug|Any CPU
		{3D0144C7-A4CD-451F-89DF-BB05CA690973}.Release|Any CPU.ActiveCfg = Release|Any CPU
		{3D0144C7-A4CD-451F-89DF-BB05CA690973}.Release|Any CPU.Build.0 = Release|Any CPU
		{3D0144C7-A4CD-451F-89DF-BB05CA690973}.Release|x64.ActiveCfg = Release|Any CPU
		{3D0144C7-A4CD-451F-89DF-BB05CA690973}.Release|x64.Build.0 = Release|Any CPU
		{3D0144C7-A4CD-451F-89DF-BB05CA690973}.Release|x86.ActiveCfg = Release|Any CPU
		{3D0144C7-A4CD-451F-89DF-BB05CA690973}.Release|x86.Build.0 = Release|Any CPU
		{F452AD40-87D4-49AD-B751-B0A846A44878}.Debug|Any CPU.ActiveCfg = Debug|Any CPU
		{F452AD40-87D4-49AD-B751-B0A846A44878}.Debug|Any CPU.Build.0 = Debug|Any CPU
		{F452AD40-87D4-49AD-B751-B0A846A44878}.Debug|x64.ActiveCfg = Debug|Any CPU
		{F452AD40-87D4-49AD-B751-B0A846A44878}.Debug|x64.Build.0 = Debug|Any CPU
		{F452AD40-87D4-49AD-B751-B0A846A44878}.Debug|x86.ActiveCfg = Debug|Any CPU
		{F452AD40-87D4-49AD-B751-B0A846A44878}.Debug|x86.Build.0 = Debug|Any CPU
		{F452AD40-87D4-49AD-B751-B0A846A44878}.Release|Any CPU.ActiveCfg = Release|Any CPU
		{F452AD40-87D4-49AD-B751-B0A846A44878}.Release|Any CPU.Build.0 = Release|Any CPU
		{F452AD40-87D4-49AD-B751-B0A846A44878}.Release|x64.ActiveCfg = Release|Any CPU
		{F452AD40-87D4-49AD-B751-B0A846A44878}.Release|x64.Build.0 = Release|Any CPU
		{F452AD40-87D4-49AD-B751-B0A846A44878}.Release|x86.ActiveCfg = Release|Any CPU
		{F452AD40-87D4-49AD-B751-B0A846A44878}.Release|x86.Build.0 = Release|Any CPU
		{E08D5FB3-F08E-41F8-9710-EC57249AEA52}.Debug|Any CPU.ActiveCfg = Debug|Any CPU
		{E08D5FB3-F08E-41F8-9710-EC57249AEA52}.Debug|Any CPU.Build.0 = Debug|Any CPU
		{E08D5FB3-F08E-41F8-9710-EC57249AEA52}.Debug|x64.ActiveCfg = Debug|Any CPU
		{E08D5FB3-F08E-41F8-9710-EC57249AEA52}.Debug|x64.Build.0 = Debug|Any CPU
		{E08D5FB3-F08E-41F8-9710-EC57249AEA52}.Debug|x86.ActiveCfg = Debug|Any CPU
		{E08D5FB3-F08E-41F8-9710-EC57249AEA52}.Debug|x86.Build.0 = Debug|Any CPU
		{E08D5FB3-F08E-41F8-9710-EC57249AEA52}.Release|Any CPU.ActiveCfg = Release|Any CPU
		{E08D5FB3-F08E-41F8-9710-EC57249AEA52}.Release|Any CPU.Build.0 = Release|Any CPU
		{E08D5FB3-F08E-41F8-9710-EC57249AEA52}.Release|x64.ActiveCfg = Release|Any CPU
		{E08D5FB3-F08E-41F8-9710-EC57249AEA52}.Release|x64.Build.0 = Release|Any CPU
		{E08D5FB3-F08E-41F8-9710-EC57249AEA52}.Release|x86.ActiveCfg = Release|Any CPU
		{E08D5FB3-F08E-41F8-9710-EC57249AEA52}.Release|x86.Build.0 = Release|Any CPU
		{49A83F2A-6556-479C-9A45-C83B99EA9952}.Debug|Any CPU.ActiveCfg = Debug|Any CPU
		{49A83F2A-6556-479C-9A45-C83B99EA9952}.Debug|Any CPU.Build.0 = Debug|Any CPU
		{49A83F2A-6556-479C-9A45-C83B99EA9952}.Debug|x64.ActiveCfg = Debug|Any CPU
		{49A83F2A-6556-479C-9A45-C83B99EA9952}.Debug|x64.Build.0 = Debug|Any CPU
		{49A83F2A-6556-479C-9A45-C83B99EA9952}.Debug|x86.ActiveCfg = Debug|Any CPU
		{49A83F2A-6556-479C-9A45-C83B99EA9952}.Debug|x86.Build.0 = Debug|Any CPU
		{49A83F2A-6556-479C-9A45-C83B99EA9952}.Release|Any CPU.ActiveCfg = Release|Any CPU
		{49A83F2A-6556-479C-9A45-C83B99EA9952}.Release|Any CPU.Build.0 = Release|Any CPU
		{49A83F2A-6556-479C-9A45-C83B99EA9952}.Release|x64.ActiveCfg = Release|Any CPU
		{49A83F2A-6556-479C-9A45-C83B99EA9952}.Release|x64.Build.0 = Release|Any CPU
		{49A83F2A-6556-479C-9A45-C83B99EA9952}.Release|x86.ActiveCfg = Release|Any CPU
		{49A83F2A-6556-479C-9A45-C83B99EA9952}.Release|x86.Build.0 = Release|Any CPU
		{1384B1FB-3F8F-43E5-A325-ED40DB9623B5}.Debug|Any CPU.ActiveCfg = Debug|Any CPU
		{1384B1FB-3F8F-43E5-A325-ED40DB9623B5}.Debug|Any CPU.Build.0 = Debug|Any CPU
		{1384B1FB-3F8F-43E5-A325-ED40DB9623B5}.Debug|x64.ActiveCfg = Debug|Any CPU
		{1384B1FB-3F8F-43E5-A325-ED40DB9623B5}.Debug|x64.Build.0 = Debug|Any CPU
		{1384B1FB-3F8F-43E5-A325-ED40DB9623B5}.Debug|x86.ActiveCfg = Debug|Any CPU
		{1384B1FB-3F8F-43E5-A325-ED40DB9623B5}.Debug|x86.Build.0 = Debug|Any CPU
		{1384B1FB-3F8F-43E5-A325-ED40DB9623B5}.Release|Any CPU.ActiveCfg = Release|Any CPU
		{1384B1FB-3F8F-43E5-A325-ED40DB9623B5}.Release|Any CPU.Build.0 = Release|Any CPU
		{1384B1FB-3F8F-43E5-A325-ED40DB9623B5}.Release|x64.ActiveCfg = Release|Any CPU
		{1384B1FB-3F8F-43E5-A325-ED40DB9623B5}.Release|x64.Build.0 = Release|Any CPU
		{1384B1FB-3F8F-43E5-A325-ED40DB9623B5}.Release|x86.ActiveCfg = Release|Any CPU
		{1384B1FB-3F8F-43E5-A325-ED40DB9623B5}.Release|x86.Build.0 = Release|Any CPU
		{44CC3AEB-87DC-4B97-B9DA-7EC03E9449AA}.Debug|Any CPU.ActiveCfg = Debug|Any CPU
		{44CC3AEB-87DC-4B97-B9DA-7EC03E9449AA}.Debug|Any CPU.Build.0 = Debug|Any CPU
		{44CC3AEB-87DC-4B97-B9DA-7EC03E9449AA}.Debug|x64.ActiveCfg = Debug|Any CPU
		{44CC3AEB-87DC-4B97-B9DA-7EC03E9449AA}.Debug|x64.Build.0 = Debug|Any CPU
		{44CC3AEB-87DC-4B97-B9DA-7EC03E9449AA}.Debug|x86.ActiveCfg = Debug|Any CPU
		{44CC3AEB-87DC-4B97-B9DA-7EC03E9449AA}.Debug|x86.Build.0 = Debug|Any CPU
		{44CC3AEB-87DC-4B97-B9DA-7EC03E9449AA}.Release|Any CPU.ActiveCfg = Release|Any CPU
		{44CC3AEB-87DC-4B97-B9DA-7EC03E9449AA}.Release|Any CPU.Build.0 = Release|Any CPU
		{44CC3AEB-87DC-4B97-B9DA-7EC03E9449AA}.Release|x64.ActiveCfg = Release|Any CPU
		{44CC3AEB-87DC-4B97-B9DA-7EC03E9449AA}.Release|x64.Build.0 = Release|Any CPU
		{44CC3AEB-87DC-4B97-B9DA-7EC03E9449AA}.Release|x86.ActiveCfg = Release|Any CPU
		{44CC3AEB-87DC-4B97-B9DA-7EC03E9449AA}.Release|x86.Build.0 = Release|Any CPU
		{42C88FA9-2DA2-4629-8620-838FF2C56BC7}.Debug|Any CPU.ActiveCfg = Debug|Any CPU
		{42C88FA9-2DA2-4629-8620-838FF2C56BC7}.Debug|Any CPU.Build.0 = Debug|Any CPU
		{42C88FA9-2DA2-4629-8620-838FF2C56BC7}.Debug|x64.ActiveCfg = Debug|Any CPU
		{42C88FA9-2DA2-4629-8620-838FF2C56BC7}.Debug|x64.Build.0 = Debug|Any CPU
		{42C88FA9-2DA2-4629-8620-838FF2C56BC7}.Debug|x86.ActiveCfg = Debug|Any CPU
		{42C88FA9-2DA2-4629-8620-838FF2C56BC7}.Debug|x86.Build.0 = Debug|Any CPU
		{42C88FA9-2DA2-4629-8620-838FF2C56BC7}.Release|Any CPU.ActiveCfg = Release|Any CPU
		{42C88FA9-2DA2-4629-8620-838FF2C56BC7}.Release|Any CPU.Build.0 = Release|Any CPU
		{42C88FA9-2DA2-4629-8620-838FF2C56BC7}.Release|x64.ActiveCfg = Release|Any CPU
		{42C88FA9-2DA2-4629-8620-838FF2C56BC7}.Release|x64.Build.0 = Release|Any CPU
		{42C88FA9-2DA2-4629-8620-838FF2C56BC7}.Release|x86.ActiveCfg = Release|Any CPU
		{42C88FA9-2DA2-4629-8620-838FF2C56BC7}.Release|x86.Build.0 = Release|Any CPU
		{B00F0FAF-B2CE-4754-9EB5-DBC33F2A1CEA}.Debug|Any CPU.ActiveCfg = Debug|Any CPU
		{B00F0FAF-B2CE-4754-9EB5-DBC33F2A1CEA}.Debug|Any CPU.Build.0 = Debug|Any CPU
		{B00F0FAF-B2CE-4754-9EB5-DBC33F2A1CEA}.Debug|x64.ActiveCfg = Debug|Any CPU
		{B00F0FAF-B2CE-4754-9EB5-DBC33F2A1CEA}.Debug|x64.Build.0 = Debug|Any CPU
		{B00F0FAF-B2CE-4754-9EB5-DBC33F2A1CEA}.Debug|x86.ActiveCfg = Debug|Any CPU
		{B00F0FAF-B2CE-4754-9EB5-DBC33F2A1CEA}.Debug|x86.Build.0 = Debug|Any CPU
		{B00F0FAF-B2CE-4754-9EB5-DBC33F2A1CEA}.Release|Any CPU.ActiveCfg = Release|Any CPU
		{B00F0FAF-B2CE-4754-9EB5-DBC33F2A1CEA}.Release|Any CPU.Build.0 = Release|Any CPU
		{B00F0FAF-B2CE-4754-9EB5-DBC33F2A1CEA}.Release|x64.ActiveCfg = Release|Any CPU
		{B00F0FAF-B2CE-4754-9EB5-DBC33F2A1CEA}.Release|x64.Build.0 = Release|Any CPU
		{B00F0FAF-B2CE-4754-9EB5-DBC33F2A1CEA}.Release|x86.ActiveCfg = Release|Any CPU
		{B00F0FAF-B2CE-4754-9EB5-DBC33F2A1CEA}.Release|x86.Build.0 = Release|Any CPU
		{1AE22424-6D3B-4438-ADA1-96F0B4AB7F2E}.Debug|Any CPU.ActiveCfg = Debug|Any CPU
		{1AE22424-6D3B-4438-ADA1-96F0B4AB7F2E}.Debug|Any CPU.Build.0 = Debug|Any CPU
		{1AE22424-6D3B-4438-ADA1-96F0B4AB7F2E}.Debug|x64.ActiveCfg = Debug|Any CPU
		{1AE22424-6D3B-4438-ADA1-96F0B4AB7F2E}.Debug|x64.Build.0 = Debug|Any CPU
		{1AE22424-6D3B-4438-ADA1-96F0B4AB7F2E}.Debug|x86.ActiveCfg = Debug|Any CPU
		{1AE22424-6D3B-4438-ADA1-96F0B4AB7F2E}.Debug|x86.Build.0 = Debug|Any CPU
		{1AE22424-6D3B-4438-ADA1-96F0B4AB7F2E}.Release|Any CPU.ActiveCfg = Release|Any CPU
		{1AE22424-6D3B-4438-ADA1-96F0B4AB7F2E}.Release|Any CPU.Build.0 = Release|Any CPU
		{1AE22424-6D3B-4438-ADA1-96F0B4AB7F2E}.Release|x64.ActiveCfg = Release|Any CPU
		{1AE22424-6D3B-4438-ADA1-96F0B4AB7F2E}.Release|x64.Build.0 = Release|Any CPU
		{1AE22424-6D3B-4438-ADA1-96F0B4AB7F2E}.Release|x86.ActiveCfg = Release|Any CPU
		{1AE22424-6D3B-4438-ADA1-96F0B4AB7F2E}.Release|x86.Build.0 = Release|Any CPU
		{35B2E5AD-468A-4707-8430-16DB503F40BC}.Debug|Any CPU.ActiveCfg = Debug|Any CPU
		{35B2E5AD-468A-4707-8430-16DB503F40BC}.Debug|Any CPU.Build.0 = Debug|Any CPU
		{35B2E5AD-468A-4707-8430-16DB503F40BC}.Debug|x64.ActiveCfg = Debug|Any CPU
		{35B2E5AD-468A-4707-8430-16DB503F40BC}.Debug|x64.Build.0 = Debug|Any CPU
		{35B2E5AD-468A-4707-8430-16DB503F40BC}.Debug|x86.ActiveCfg = Debug|Any CPU
		{35B2E5AD-468A-4707-8430-16DB503F40BC}.Debug|x86.Build.0 = Debug|Any CPU
		{35B2E5AD-468A-4707-8430-16DB503F40BC}.Release|Any CPU.ActiveCfg = Release|Any CPU
		{35B2E5AD-468A-4707-8430-16DB503F40BC}.Release|Any CPU.Build.0 = Release|Any CPU
		{35B2E5AD-468A-4707-8430-16DB503F40BC}.Release|x64.ActiveCfg = Release|Any CPU
		{35B2E5AD-468A-4707-8430-16DB503F40BC}.Release|x64.Build.0 = Release|Any CPU
		{35B2E5AD-468A-4707-8430-16DB503F40BC}.Release|x86.ActiveCfg = Release|Any CPU
		{35B2E5AD-468A-4707-8430-16DB503F40BC}.Release|x86.Build.0 = Release|Any CPU
		{B1133000-480F-4043-9A72-05E7B0B25CE9}.Debug|Any CPU.ActiveCfg = Debug|Any CPU
		{B1133000-480F-4043-9A72-05E7B0B25CE9}.Debug|Any CPU.Build.0 = Debug|Any CPU
		{B1133000-480F-4043-9A72-05E7B0B25CE9}.Debug|x64.ActiveCfg = Debug|Any CPU
		{B1133000-480F-4043-9A72-05E7B0B25CE9}.Debug|x64.Build.0 = Debug|Any CPU
		{B1133000-480F-4043-9A72-05E7B0B25CE9}.Debug|x86.ActiveCfg = Debug|Any CPU
		{B1133000-480F-4043-9A72-05E7B0B25CE9}.Debug|x86.Build.0 = Debug|Any CPU
		{B1133000-480F-4043-9A72-05E7B0B25CE9}.Release|Any CPU.ActiveCfg = Release|Any CPU
		{B1133000-480F-4043-9A72-05E7B0B25CE9}.Release|Any CPU.Build.0 = Release|Any CPU
		{B1133000-480F-4043-9A72-05E7B0B25CE9}.Release|x64.ActiveCfg = Release|Any CPU
		{B1133000-480F-4043-9A72-05E7B0B25CE9}.Release|x64.Build.0 = Release|Any CPU
		{B1133000-480F-4043-9A72-05E7B0B25CE9}.Release|x86.ActiveCfg = Release|Any CPU
		{B1133000-480F-4043-9A72-05E7B0B25CE9}.Release|x86.Build.0 = Release|Any CPU
		{00428E02-6D09-42D0-A926-DC238C5702F7}.Debug|Any CPU.ActiveCfg = Debug|Any CPU
		{00428E02-6D09-42D0-A926-DC238C5702F7}.Debug|Any CPU.Build.0 = Debug|Any CPU
		{00428E02-6D09-42D0-A926-DC238C5702F7}.Debug|x64.ActiveCfg = Debug|Any CPU
		{00428E02-6D09-42D0-A926-DC238C5702F7}.Debug|x64.Build.0 = Debug|Any CPU
		{00428E02-6D09-42D0-A926-DC238C5702F7}.Debug|x86.ActiveCfg = Debug|Any CPU
		{00428E02-6D09-42D0-A926-DC238C5702F7}.Debug|x86.Build.0 = Debug|Any CPU
		{00428E02-6D09-42D0-A926-DC238C5702F7}.Release|Any CPU.ActiveCfg = Release|Any CPU
		{00428E02-6D09-42D0-A926-DC238C5702F7}.Release|Any CPU.Build.0 = Release|Any CPU
		{00428E02-6D09-42D0-A926-DC238C5702F7}.Release|x64.ActiveCfg = Release|Any CPU
		{00428E02-6D09-42D0-A926-DC238C5702F7}.Release|x64.Build.0 = Release|Any CPU
		{00428E02-6D09-42D0-A926-DC238C5702F7}.Release|x86.ActiveCfg = Release|Any CPU
		{00428E02-6D09-42D0-A926-DC238C5702F7}.Release|x86.Build.0 = Release|Any CPU
		{BD6C24DD-7341-4ED4-A005-60E0B7D0FB81}.Debug|Any CPU.ActiveCfg = Debug|Any CPU
		{BD6C24DD-7341-4ED4-A005-60E0B7D0FB81}.Debug|Any CPU.Build.0 = Debug|Any CPU
		{BD6C24DD-7341-4ED4-A005-60E0B7D0FB81}.Debug|x64.ActiveCfg = Debug|Any CPU
		{BD6C24DD-7341-4ED4-A005-60E0B7D0FB81}.Debug|x64.Build.0 = Debug|Any CPU
		{BD6C24DD-7341-4ED4-A005-60E0B7D0FB81}.Debug|x86.ActiveCfg = Debug|Any CPU
		{BD6C24DD-7341-4ED4-A005-60E0B7D0FB81}.Debug|x86.Build.0 = Debug|Any CPU
		{BD6C24DD-7341-4ED4-A005-60E0B7D0FB81}.Release|Any CPU.ActiveCfg = Release|Any CPU
		{BD6C24DD-7341-4ED4-A005-60E0B7D0FB81}.Release|Any CPU.Build.0 = Release|Any CPU
		{BD6C24DD-7341-4ED4-A005-60E0B7D0FB81}.Release|x64.ActiveCfg = Release|Any CPU
		{BD6C24DD-7341-4ED4-A005-60E0B7D0FB81}.Release|x64.Build.0 = Release|Any CPU
		{BD6C24DD-7341-4ED4-A005-60E0B7D0FB81}.Release|x86.ActiveCfg = Release|Any CPU
		{BD6C24DD-7341-4ED4-A005-60E0B7D0FB81}.Release|x86.Build.0 = Release|Any CPU
		{B2A6FB3A-A28F-4842-8D8E-2E6C967822CD}.Debug|Any CPU.ActiveCfg = Debug|Any CPU
		{B2A6FB3A-A28F-4842-8D8E-2E6C967822CD}.Debug|Any CPU.Build.0 = Debug|Any CPU
		{B2A6FB3A-A28F-4842-8D8E-2E6C967822CD}.Debug|x64.ActiveCfg = Debug|Any CPU
		{B2A6FB3A-A28F-4842-8D8E-2E6C967822CD}.Debug|x64.Build.0 = Debug|Any CPU
		{B2A6FB3A-A28F-4842-8D8E-2E6C967822CD}.Debug|x86.ActiveCfg = Debug|Any CPU
		{B2A6FB3A-A28F-4842-8D8E-2E6C967822CD}.Debug|x86.Build.0 = Debug|Any CPU
		{B2A6FB3A-A28F-4842-8D8E-2E6C967822CD}.Release|Any CPU.ActiveCfg = Release|Any CPU
		{B2A6FB3A-A28F-4842-8D8E-2E6C967822CD}.Release|Any CPU.Build.0 = Release|Any CPU
		{B2A6FB3A-A28F-4842-8D8E-2E6C967822CD}.Release|x64.ActiveCfg = Release|Any CPU
		{B2A6FB3A-A28F-4842-8D8E-2E6C967822CD}.Release|x64.Build.0 = Release|Any CPU
		{B2A6FB3A-A28F-4842-8D8E-2E6C967822CD}.Release|x86.ActiveCfg = Release|Any CPU
		{B2A6FB3A-A28F-4842-8D8E-2E6C967822CD}.Release|x86.Build.0 = Release|Any CPU
	EndGlobalSection
	GlobalSection(SolutionProperties) = preSolution
		HideSolutionNode = FALSE
	EndGlobalSection
	GlobalSection(NestedProjects) = preSolution
		{53CF4721-C898-4E4C-AEB2-697CB8A26BB9} = {AE724F3A-A5F0-469C-9F9F-207F0E4A7451}
		{4868B891-DDA4-4CEA-A281-C9645F3C54C6} = {C73526F2-A966-4314-9CE0-F8DE47F015D5}
		{9297A354-7D94-4BBD-A780-E8068F6508D4} = {C73526F2-A966-4314-9CE0-F8DE47F015D5}
		{EA49AFE9-6DBE-4F1A-857F-80ED49ACC4E3} = {C73526F2-A966-4314-9CE0-F8DE47F015D5}
		{C73526F2-A966-4314-9CE0-F8DE47F015D5} = {D1C0B1DF-9915-4239-AB99-7AC1BDD625DD}
		{AE724F3A-A5F0-469C-9F9F-207F0E4A7451} = {D1C0B1DF-9915-4239-AB99-7AC1BDD625DD}
		{2F031FCE-EFF6-4BBA-A684-54698C21E59F} = {0AB3BF05-4346-4AA6-1389-037BE0695223}
		{6DCC8AB2-B1C9-4B60-9CC6-814AB6CA69B0} = {AE724F3A-A5F0-469C-9F9F-207F0E4A7451}
		{F9E13435-3037-4DB0-8265-BB1EEA5A1FBF} = {7266C4A9-E384-DC00-0EB6-47F6002CFBA7}
		{B690F5F3-2392-40EF-8EDA-E42517E3A8FF} = {7266C4A9-E384-DC00-0EB6-47F6002CFBA7}
		{0F87A283-286F-D1F5-4937-B49551E41E1C} = {CA253913-39DE-BFD0-C9A3-4B7EC6FBDF17}
		{3AFE2C84-9A1D-462C-B8A9-7B770AA8238F} = {0F87A283-286F-D1F5-4937-B49551E41E1C}
		{F7E944E3-EE7B-4B3B-9C1B-7DC3FBBBD830} = {0F87A283-286F-D1F5-4937-B49551E41E1C}
		{A5B59C33-F555-4DD1-A175-92D2130879C0} = {0F87A283-286F-D1F5-4937-B49551E41E1C}
		{C1407570-7F0C-4F29-9173-E74D308FF614} = {0F87A283-286F-D1F5-4937-B49551E41E1C}
		{E8F18648-F9A6-4A36-7CDC-2500A01DE95F} = {CA253913-39DE-BFD0-C9A3-4B7EC6FBDF17}
		{2A8DBB2A-76B9-4785-ADA3-7AF0DBD80272} = {E8F18648-F9A6-4A36-7CDC-2500A01DE95F}
		{E9014658-ED39-46A5-B587-79DF2DB58793} = {E8F18648-F9A6-4A36-7CDC-2500A01DE95F}
		{3B104456-0804-4903-980A-8D8591564DF5} = {E8F18648-F9A6-4A36-7CDC-2500A01DE95F}
		{7BA73C58-0294-41ED-826F-8B699AFC9344} = {E8F18648-F9A6-4A36-7CDC-2500A01DE95F}
		{4CFB821D-F350-130F-6E4A-012CEB389593} = {CA253913-39DE-BFD0-C9A3-4B7EC6FBDF17}
		{E4A21B1E-7766-4664-8ED8-002347AEBCCD} = {4CFB821D-F350-130F-6E4A-012CEB389593}
		{CD5A274B-B000-487F-9055-868FE637EA58} = {4CFB821D-F350-130F-6E4A-012CEB389593}
		{9F6B6E97-D63A-4B76-9054-6B13F28ABD67} = {4CFB821D-F350-130F-6E4A-012CEB389593}
		{EADA77C3-2474-43AC-A2C3-8C37F6EDE0B3} = {4CFB821D-F350-130F-6E4A-012CEB389593}
		{A9997C78-0C31-9C1F-7E81-ED673DE04F19} = {CA253913-39DE-BFD0-C9A3-4B7EC6FBDF17}
		{6B8F9F6C-3276-4696-93D9-3F7F0ACA969F} = {A9997C78-0C31-9C1F-7E81-ED673DE04F19}
		{3A4CC8C1-D68C-4969-9CE5-9E199D07D63B} = {A9997C78-0C31-9C1F-7E81-ED673DE04F19}
		{E1B0C372-621A-435F-84E0-1BEBCAA1947F} = {A9997C78-0C31-9C1F-7E81-ED673DE04F19}
		{907F4510-7842-492C-A878-F081D6D03D81} = {A9997C78-0C31-9C1F-7E81-ED673DE04F19}
		{7D23AFD2-FA30-4B41-A219-FE213D4E4C1E} = {CA253913-39DE-BFD0-C9A3-4B7EC6FBDF17}
		{560A79BA-1BF7-466A-8609-DFFD8095BBB9} = {7D23AFD2-FA30-4B41-A219-FE213D4E4C1E}
		{82760E8B-6D79-432F-BC65-9E5C06979B16} = {7D23AFD2-FA30-4B41-A219-FE213D4E4C1E}
		{E6008ADD-60F7-4F47-AC57-6A568894C839} = {7D23AFD2-FA30-4B41-A219-FE213D4E4C1E}
		{34D8A0BD-3A88-419C-862F-F8B40D94E2CF} = {7D23AFD2-FA30-4B41-A219-FE213D4E4C1E}
		{1408BA8A-F355-957A-226E-82283C9E1335} = {CA253913-39DE-BFD0-C9A3-4B7EC6FBDF17}
		{E8B943E7-D408-4284-9551-1BFFDA08950A} = {1408BA8A-F355-957A-226E-82283C9E1335}
		{7067B0BF-3EB5-471E-8A29-6A021AF27671} = {1408BA8A-F355-957A-226E-82283C9E1335}
		{B58B8A7C-5953-4B13-AB24-991109973FFB} = {1408BA8A-F355-957A-226E-82283C9E1335}
		{32751B16-AAB9-42D6-A530-A991F565C1FD} = {1408BA8A-F355-957A-226E-82283C9E1335}
		{A68BCFB6-B88D-4352-653D-5429B95F8475} = {CA253913-39DE-BFD0-C9A3-4B7EC6FBDF17}
		{F36046A9-A306-48CF-86AB-75FC309F8F29} = {A68BCFB6-B88D-4352-653D-5429B95F8475}
		{EFC18E8D-8DDC-4011-BD56-10631ABCD3F7} = {A68BCFB6-B88D-4352-653D-5429B95F8475}
		{044CC587-8B45-4292-ACE2-CDAC6CBD8224} = {A68BCFB6-B88D-4352-653D-5429B95F8475}
		{61C39919-E091-4128-BBFA-4DFF7F892B06} = {A68BCFB6-B88D-4352-653D-5429B95F8475}
		{0BF6B435-0A0B-15E6-20B4-BA4BF9B24AB0} = {CA253913-39DE-BFD0-C9A3-4B7EC6FBDF17}
		{552D09E5-11EA-4A3B-AD28-B46AC9F348D5} = {0BF6B435-0A0B-15E6-20B4-BA4BF9B24AB0}
		{790FBBF6-CED7-46C6-9D0C-BCA6DC8D26D7} = {0BF6B435-0A0B-15E6-20B4-BA4BF9B24AB0}
		{340DCC49-165D-43D2-9FB2-59EBDD24B630} = {0BF6B435-0A0B-15E6-20B4-BA4BF9B24AB0}
		{2D11D2FD-B57B-45AF-8CE5-31494FC400D2} = {0BF6B435-0A0B-15E6-20B4-BA4BF9B24AB0}
		{4B3272F5-DFFD-77D5-7B49-BB6ABB528D96} = {CA253913-39DE-BFD0-C9A3-4B7EC6FBDF17}
		{24799A47-28A7-4123-9156-3C54617977A8} = {4B3272F5-DFFD-77D5-7B49-BB6ABB528D96}
		{AB939161-E642-4F5C-9B54-0CB0D6AB8BC4} = {4B3272F5-DFFD-77D5-7B49-BB6ABB528D96}
		{07A338C6-1A7E-4B65-A092-DC7DAEB54D7C} = {4B3272F5-DFFD-77D5-7B49-BB6ABB528D96}
		{1C198683-954B-47C1-B6EA-00C8C9A30D5F} = {4B3272F5-DFFD-77D5-7B49-BB6ABB528D96}
		{FCD594B6-F814-1D30-C511-58B36F2834F8} = {CA253913-39DE-BFD0-C9A3-4B7EC6FBDF17}
		{4EF282E5-DE09-4E4A-9C11-BB490BF11C7B} = {FCD594B6-F814-1D30-C511-58B36F2834F8}
		{630D1BB0-BBE1-4590-AF94-BF40D49EBBB4} = {FCD594B6-F814-1D30-C511-58B36F2834F8}
		{EF2C7484-12EC-4C4D-9A8E-CF09BCA0046F} = {FCD594B6-F814-1D30-C511-58B36F2834F8}
		{3D0144C7-A4CD-451F-89DF-BB05CA690973} = {FCD594B6-F814-1D30-C511-58B36F2834F8}
		{8A4EFEB0-C6A3-2EB9-E078-8B12633D3E51} = {CA253913-39DE-BFD0-C9A3-4B7EC6FBDF17}
		{F452AD40-87D4-49AD-B751-B0A846A44878} = {8A4EFEB0-C6A3-2EB9-E078-8B12633D3E51}
		{E08D5FB3-F08E-41F8-9710-EC57249AEA52} = {8A4EFEB0-C6A3-2EB9-E078-8B12633D3E51}
		{49A83F2A-6556-479C-9A45-C83B99EA9952} = {8A4EFEB0-C6A3-2EB9-E078-8B12633D3E51}
		{1384B1FB-3F8F-43E5-A325-ED40DB9623B5} = {8A4EFEB0-C6A3-2EB9-E078-8B12633D3E51}
		{45CD067C-33C4-C372-B034-427CD4E5B7A1} = {CA253913-39DE-BFD0-C9A3-4B7EC6FBDF17}
		{44CC3AEB-87DC-4B97-B9DA-7EC03E9449AA} = {45CD067C-33C4-C372-B034-427CD4E5B7A1}
		{42C88FA9-2DA2-4629-8620-838FF2C56BC7} = {45CD067C-33C4-C372-B034-427CD4E5B7A1}
		{B00F0FAF-B2CE-4754-9EB5-DBC33F2A1CEA} = {45CD067C-33C4-C372-B034-427CD4E5B7A1}
		{1AE22424-6D3B-4438-ADA1-96F0B4AB7F2E} = {0AB3BF05-4346-4AA6-1389-037BE0695223}
		{BB4B7F0B-D561-B141-B6D7-6C8071DF7C57} = {CA253913-39DE-BFD0-C9A3-4B7EC6FBDF17}
		{35B2E5AD-468A-4707-8430-16DB503F40BC} = {BB4B7F0B-D561-B141-B6D7-6C8071DF7C57}
		{B1133000-480F-4043-9A72-05E7B0B25CE9} = {BB4B7F0B-D561-B141-B6D7-6C8071DF7C57}
		{00428E02-6D09-42D0-A926-DC238C5702F7} = {BB4B7F0B-D561-B141-B6D7-6C8071DF7C57}
		{BD6C24DD-7341-4ED4-A005-60E0B7D0FB81} = {BB4B7F0B-D561-B141-B6D7-6C8071DF7C57}
		{B2A6FB3A-A28F-4842-8D8E-2E6C967822CD} = {7266C4A9-E384-DC00-0EB6-47F6002CFBA7}
	EndGlobalSection
	GlobalSection(ExtensibilityGlobals) = postSolution
		SolutionGuid = {58E4C47F-DC24-4614-BEBA-9B07A2AF2E99}
	EndGlobalSection
EndGlobal
